// !$*UTF8*$!
{
	archiveVersion = 1;
	classes = {
	};
	objectVersion = 56;
	objects = {

/* Begin PBXBuildFile section */
		8B901C4C2B0F813100C05DFF /* Assets.xcassets in Resources */ = {isa = PBXBuildFile; fileRef = 8B901C4B2B0F813100C05DFF /* Assets.xcassets */; };
		8B901C4F2B0F817300C05DFF /* RepositoryCollectionStorage.xcdatamodeld in Sources */ = {isa = PBXBuildFile; fileRef = 8B901C4D2B0F817300C05DFF /* RepositoryCollectionStorage.xcdatamodeld */; };
		8B901C522B0F846600C05DFF /* CoreDataStorage.swift in Sources */ = {isa = PBXBuildFile; fileRef = 8B901C512B0F846600C05DFF /* CoreDataStorage.swift */; };
		8B901C552B0F88E000C05DFF /* GithubRepoStorage.swift in Sources */ = {isa = PBXBuildFile; fileRef = 8B901C542B0F88E000C05DFF /* GithubRepoStorage.swift */; };
		8B901C572B0F894C00C05DFF /* CoreDataGithubRepoStorage.swift in Sources */ = {isa = PBXBuildFile; fileRef = 8B901C562B0F894C00C05DFF /* CoreDataGithubRepoStorage.swift */; };
		8B901C592B0F9E8F00C05DFF /* CoreDataGithubRepoModelMapping.swift in Sources */ = {isa = PBXBuildFile; fileRef = 8B901C582B0F9E8F00C05DFF /* CoreDataGithubRepoModelMapping.swift */; };
		8B901C5B2B0FA8F700C05DFF /* String.swift in Sources */ = {isa = PBXBuildFile; fileRef = 8B901C5A2B0FA8F700C05DFF /* String.swift */; };
		8BB11EE02C34695300BEEAE1 /* UserInfoRepository.swift in Sources */ = {isa = PBXBuildFile; fileRef = 8BB11EDF2C34695300BEEAE1 /* UserInfoRepository.swift */; };
		8BB11EE22C34698D00BEEAE1 /* UserInfoRepositoryIml.swift in Sources */ = {isa = PBXBuildFile; fileRef = 8BB11EE12C34698D00BEEAE1 /* UserInfoRepositoryIml.swift */; };
		8BB11EE52C3A371C00BEEAE1 /* UserInfoStorage.swift in Sources */ = {isa = PBXBuildFile; fileRef = 8BB11EE42C3A371C00BEEAE1 /* UserInfoStorage.swift */; };
		8BB11EE72C3A391D00BEEAE1 /* CoreDataUserInfoStorage.swift in Sources */ = {isa = PBXBuildFile; fileRef = 8BB11EE62C3A391D00BEEAE1 /* CoreDataUserInfoStorage.swift */; };
		8BB11EE92C3A395E00BEEAE1 /* CoreDataUserInfoModelMapping.swift in Sources */ = {isa = PBXBuildFile; fileRef = 8BB11EE82C3A395E00BEEAE1 /* CoreDataUserInfoModelMapping.swift */; };
		8BB11EEB2C3A56AF00BEEAE1 /* Array.swift in Sources */ = {isa = PBXBuildFile; fileRef = 8BB11EEA2C3A56AF00BEEAE1 /* Array.swift */; };
		8BB11EEE2C3A631900BEEAE1 /* empty.json in Resources */ = {isa = PBXBuildFile; fileRef = 8BB11EED2C3A631900BEEAE1 /* empty.json */; };
		8BB11EF12C3A65FF00BEEAE1 /* Lottie in Frameworks */ = {isa = PBXBuildFile; productRef = 8BB11EF02C3A65FF00BEEAE1 /* Lottie */; };
		8BB11EF32C3A6E1800BEEAE1 /* UserInfoCell.swift in Sources */ = {isa = PBXBuildFile; fileRef = 8BB11EF22C3A6E1800BEEAE1 /* UserInfoCell.swift */; };
		8BB11EF52C3AE71500BEEAE1 /* MainTabViewModel.swift in Sources */ = {isa = PBXBuildFile; fileRef = 8BB11EF42C3AE71500BEEAE1 /* MainTabViewModel.swift */; };
		8BB6FBC52B64D7FE00345CFA /* CustomNavigationBar.swift in Sources */ = {isa = PBXBuildFile; fileRef = 8BB6FBC42B64D7FE00345CFA /* CustomNavigationBar.swift */; };
		8BB6FBC72B66149200345CFA /* CustomNavigationView.swift in Sources */ = {isa = PBXBuildFile; fileRef = 8BB6FBC62B66149200345CFA /* CustomNavigationView.swift */; };
		8BB6FBC92B66160D00345CFA /* CustomNavigationContainerView.swift in Sources */ = {isa = PBXBuildFile; fileRef = 8BB6FBC82B66160D00345CFA /* CustomNavigationContainerView.swift */; };
		8BB6FBCB2B66184400345CFA /* CustomNavigationLink.swift in Sources */ = {isa = PBXBuildFile; fileRef = 8BB6FBCA2B66184400345CFA /* CustomNavigationLink.swift */; };
		8BB6FBCE2B6622A000345CFA /* CustomNavigationBarPreferenceKey.swift in Sources */ = {isa = PBXBuildFile; fileRef = 8BB6FBCD2B6622A000345CFA /* CustomNavigationBarPreferenceKey.swift */; };
		8BD2D74E2B0CF64800CCF197 /* GithubRepositoryIml.swift in Sources */ = {isa = PBXBuildFile; fileRef = 8BD2D74D2B0CF64800CCF197 /* GithubRepositoryIml.swift */; };
		8BD2D7512B0CF84400CCF197 /* WaveBackgroundView.swift in Sources */ = {isa = PBXBuildFile; fileRef = 8BD2D7502B0CF84400CCF197 /* WaveBackgroundView.swift */; };
		8BD2D7562B0D0AA200CCF197 /* NetworkSessionManager.swift in Sources */ = {isa = PBXBuildFile; fileRef = 8BD2D7552B0D0AA200CCF197 /* NetworkSessionManager.swift */; };
		8BD2D75A2B0D0BEF00CCF197 /* NetworkService.swift in Sources */ = {isa = PBXBuildFile; fileRef = 8BD2D7592B0D0BEF00CCF197 /* NetworkService.swift */; };
		8BD2D75E2B0D0CC100CCF197 /* Endpoint.swift in Sources */ = {isa = PBXBuildFile; fileRef = 8BD2D75D2B0D0CC100CCF197 /* Endpoint.swift */; };
		8BD2D7612B0D0DA200CCF197 /* JSONDictionary.swift in Sources */ = {isa = PBXBuildFile; fileRef = 8BD2D7602B0D0DA200CCF197 /* JSONDictionary.swift */; };
		8BD2D7652B0D1BAB00CCF197 /* Dictionary.swift in Sources */ = {isa = PBXBuildFile; fileRef = 8BD2D7642B0D1BAB00CCF197 /* Dictionary.swift */; };
		8BD2D7672B0D258000CCF197 /* Encodable.swift in Sources */ = {isa = PBXBuildFile; fileRef = 8BD2D7662B0D258000CCF197 /* Encodable.swift */; };
		8BD2D76A2B0D28A100CCF197 /* Alamofire in Frameworks */ = {isa = PBXBuildFile; productRef = 8BD2D7692B0D28A100CCF197 /* Alamofire */; };
		8BD2D76D2B0DDB4C00CCF197 /* APIEndpoint.swift in Sources */ = {isa = PBXBuildFile; fileRef = 8BD2D76C2B0DDB4C00CCF197 /* APIEndpoint.swift */; };
		8BD2D76F2B0DE04B00CCF197 /* DIContainer.swift in Sources */ = {isa = PBXBuildFile; fileRef = 8BD2D76E2B0DE04B00CCF197 /* DIContainer.swift */; };
		8BD2D7712B0DE09E00CCF197 /* Configurations.swift in Sources */ = {isa = PBXBuildFile; fileRef = 8BD2D7702B0DE09E00CCF197 /* Configurations.swift */; };
		8BD2D7732B0DE21800CCF197 /* RepositoryCollection-Dev-Config.xcconfig in Resources */ = {isa = PBXBuildFile; fileRef = 8BD2D7722B0DE21800CCF197 /* RepositoryCollection-Dev-Config.xcconfig */; };
		8BD2D7762B0DE62200CCF197 /* Bundle.swift in Sources */ = {isa = PBXBuildFile; fileRef = 8BD2D7752B0DE62200CCF197 /* Bundle.swift */; };
		8BD2D7782B0DEA1A00CCF197 /* DataTransferService.swift in Sources */ = {isa = PBXBuildFile; fileRef = 8BD2D7772B0DEA1A00CCF197 /* DataTransferService.swift */; };
		8BD2D77C2B0E36B900CCF197 /* Cancellable.swift in Sources */ = {isa = PBXBuildFile; fileRef = 8BD2D77B2B0E36B900CCF197 /* Cancellable.swift */; };
		8BD2D77E2B0E512600CCF197 /* AppEnvironment.swift in Sources */ = {isa = PBXBuildFile; fileRef = 8BD2D77D2B0E512600CCF197 /* AppEnvironment.swift */; };
		8BD2D7802B0E5ACC00CCF197 /* RepositoryCell.swift in Sources */ = {isa = PBXBuildFile; fileRef = 8BD2D77F2B0E5ACC00CCF197 /* RepositoryCell.swift */; };
		8BD2D7822B0EEE3C00CCF197 /* LoadingView.swift in Sources */ = {isa = PBXBuildFile; fileRef = 8BD2D7812B0EEE3C00CCF197 /* LoadingView.swift */; };
		8BD2D7872B0F12A800CCF197 /* ActivityTracker.swift in Sources */ = {isa = PBXBuildFile; fileRef = 8BD2D7862B0F12A800CCF197 /* ActivityTracker.swift */; };
		8BD2D7892B0F12DD00CCF197 /* ErrorTracker.swift in Sources */ = {isa = PBXBuildFile; fileRef = 8BD2D7882B0F12DD00CCF197 /* ErrorTracker.swift */; };
		8BD2D78B2B0F2A4900CCF197 /* AlertMessage.swift in Sources */ = {isa = PBXBuildFile; fileRef = 8BD2D78A2B0F2A4900CCF197 /* AlertMessage.swift */; };
		8BF5807C2C13F83000AB77AF /* View.swift in Sources */ = {isa = PBXBuildFile; fileRef = 8BF5807B2C13F83000AB77AF /* View.swift */; };
		8BF5807F2C1568A800AB77AF /* MainTabView.swift in Sources */ = {isa = PBXBuildFile; fileRef = 8BF5807E2C1568A800AB77AF /* MainTabView.swift */; };
		8BF580822C15694500AB77AF /* HistoryView.swift in Sources */ = {isa = PBXBuildFile; fileRef = 8BF580812C15694500AB77AF /* HistoryView.swift */; };
		8BF580842C156A9B00AB77AF /* HistoryViewModel.swift in Sources */ = {isa = PBXBuildFile; fileRef = 8BF580832C156A9B00AB77AF /* HistoryViewModel.swift */; };
		8BF580862C156B3700AB77AF /* HistoryUseCases.swift in Sources */ = {isa = PBXBuildFile; fileRef = 8BF580852C156B3700AB77AF /* HistoryUseCases.swift */; };
		8BF580892C15EB6F00AB77AF /* Kingfisher in Frameworks */ = {isa = PBXBuildFile; productRef = 8BF580882C15EB6F00AB77AF /* Kingfisher */; };
		8BF5808B2C15EEA900AB77AF /* Optional.swift in Sources */ = {isa = PBXBuildFile; fileRef = 8BF5808A2C15EEA900AB77AF /* Optional.swift */; };
		8BF5808D2C1F152C00AB77AF /* Color.swift in Sources */ = {isa = PBXBuildFile; fileRef = 8BF5808C2C1F152C00AB77AF /* Color.swift */; };
		8BF580902C2D3AA100AB77AF /* UserDefaultRepository.swift in Sources */ = {isa = PBXBuildFile; fileRef = 8BF5808F2C2D3AA100AB77AF /* UserDefaultRepository.swift */; };
		8BF580922C2D3ACB00AB77AF /* UserDefaultRepositoryIml.swift in Sources */ = {isa = PBXBuildFile; fileRef = 8BF580912C2D3ACB00AB77AF /* UserDefaultRepositoryIml.swift */; };
		8BF580962C2D3D3200AB77AF /* DefaultStorage.swift in Sources */ = {isa = PBXBuildFile; fileRef = 8BF580942C2D3D3200AB77AF /* DefaultStorage.swift */; };
		8BF580972C2D3D3200AB77AF /* AppDefaultsKey.swift in Sources */ = {isa = PBXBuildFile; fileRef = 8BF580952C2D3D3200AB77AF /* AppDefaultsKey.swift */; };
		8BF5809F2C2FC6C700AB77AF /* FlexibleView.swift in Sources */ = {isa = PBXBuildFile; fileRef = 8BF5809E2C2FC6C700AB77AF /* FlexibleView.swift */; };
		8BF580A12C2FC72E00AB77AF /* SizePreferenceKey.swift in Sources */ = {isa = PBXBuildFile; fileRef = 8BF580A02C2FC72E00AB77AF /* SizePreferenceKey.swift */; };
		A22E10702C367CC0007362D5 /* ActivityControllerView.swift in Sources */ = {isa = PBXBuildFile; fileRef = A22E106F2C367CC0007362D5 /* ActivityControllerView.swift */; };
		A263CA252C33B0180085AF0A /* GitHubUserUseCases.swift in Sources */ = {isa = PBXBuildFile; fileRef = A263CA242C33B0180085AF0A /* GitHubUserUseCases.swift */; };
		A263CA272C33B2D30085AF0A /* GitHubUserModel.swift in Sources */ = {isa = PBXBuildFile; fileRef = A263CA262C33B2D30085AF0A /* GitHubUserModel.swift */; };
		A2BFB1752B0C8D6400AA6FE7 /* RepositoryCollectionApp.swift in Sources */ = {isa = PBXBuildFile; fileRef = A2BFB1742B0C8D6400AA6FE7 /* RepositoryCollectionApp.swift */; };
		A2BFB17C2B0C8D6700AA6FE7 /* Preview Assets.xcassets in Resources */ = {isa = PBXBuildFile; fileRef = A2BFB17B2B0C8D6700AA6FE7 /* Preview Assets.xcassets */; };
		A2BFB18A2B0C904500AA6FE7 /* GitHubRepoUseCases.swift in Sources */ = {isa = PBXBuildFile; fileRef = A2BFB1892B0C904500AA6FE7 /* GitHubRepoUseCases.swift */; };
		A2BFB18C2B0C90B200AA6FE7 /* GithubRepository.swift in Sources */ = {isa = PBXBuildFile; fileRef = A2BFB18B2B0C90B200AA6FE7 /* GithubRepository.swift */; };
		A2BFB18E2B0C9C1000AA6FE7 /* GitHubRepoModel.swift in Sources */ = {isa = PBXBuildFile; fileRef = A2BFB18D2B0C9C1000AA6FE7 /* GitHubRepoModel.swift */; };
		A2BFB1942B0CA68700AA6FE7 /* RepositoriesView.swift in Sources */ = {isa = PBXBuildFile; fileRef = A2BFB1932B0CA68700AA6FE7 /* RepositoriesView.swift */; };
		A2BFB1962B0CA6B100AA6FE7 /* RepositoriesViewModel.swift in Sources */ = {isa = PBXBuildFile; fileRef = A2BFB1952B0CA6B100AA6FE7 /* RepositoriesViewModel.swift */; };
		A2BFB19C2B0CA96100AA6FE7 /* UIScreen.swift in Sources */ = {isa = PBXBuildFile; fileRef = A2BFB19B2B0CA96100AA6FE7 /* UIScreen.swift */; };
		A2BFB19F2B0CB4DB00AA6FE7 /* CustomTextField.swift in Sources */ = {isa = PBXBuildFile; fileRef = A2BFB19E2B0CB4DB00AA6FE7 /* CustomTextField.swift */; };
		A2D686C62C3B8C7900CAD47B /* SettingView.swift in Sources */ = {isa = PBXBuildFile; fileRef = A2D686C52C3B8C7900CAD47B /* SettingView.swift */; };
		A2D686C82C3B8CB100CAD47B /* SettingViewModel.swift in Sources */ = {isa = PBXBuildFile; fileRef = A2D686C72C3B8CB100CAD47B /* SettingViewModel.swift */; };
		A2D686EC2C3BF4F200CAD47B /* app-ic-2@3x.png in Resources */ = {isa = PBXBuildFile; fileRef = A2D686E42C3BF4F200CAD47B /* app-ic-2@3x.png */; };
		A2D686ED2C3BF4F200CAD47B /* app-ic@3x.png in Resources */ = {isa = PBXBuildFile; fileRef = A2D686E52C3BF4F200CAD47B /* app-ic@3x.png */; };
		A2D686EE2C3BF4F200CAD47B /* app-ic-1@3x.png in Resources */ = {isa = PBXBuildFile; fileRef = A2D686E62C3BF4F200CAD47B /* app-ic-1@3x.png */; };
		A2D686EF2C3BF4F200CAD47B /* app-ic-1@2x.png in Resources */ = {isa = PBXBuildFile; fileRef = A2D686E72C3BF4F200CAD47B /* app-ic-1@2x.png */; };
		A2D686F02C3BF4F200CAD47B /* app-ic@2x.png in Resources */ = {isa = PBXBuildFile; fileRef = A2D686E82C3BF4F200CAD47B /* app-ic@2x.png */; };
		A2D686F12C3BF4F200CAD47B /* app-ic-2@2x.png in Resources */ = {isa = PBXBuildFile; fileRef = A2D686E92C3BF4F200CAD47B /* app-ic-2@2x.png */; };
		A2D686F22C3BF4F200CAD47B /* app-ic-3@2x.png in Resources */ = {isa = PBXBuildFile; fileRef = A2D686EA2C3BF4F200CAD47B /* app-ic-3@2x.png */; };
		A2D686F32C3BF4F200CAD47B /* app-ic-3@3x.png in Resources */ = {isa = PBXBuildFile; fileRef = A2D686EB2C3BF4F200CAD47B /* app-ic-3@3x.png */; };
		A2F2F1222B0F40B30004281E /* LaunchView.swift in Sources */ = {isa = PBXBuildFile; fileRef = A2F2F1212B0F40B30004281E /* LaunchView.swift */; };
		A2F2F1252B0F5B100004281E /* RepositoryDetailView.swift in Sources */ = {isa = PBXBuildFile; fileRef = A2F2F1242B0F5B100004281E /* RepositoryDetailView.swift */; };
/* End PBXBuildFile section */

/* Begin PBXFileReference section */
		8B901C4B2B0F813100C05DFF /* Assets.xcassets */ = {isa = PBXFileReference; lastKnownFileType = folder.assetcatalog; path = Assets.xcassets; sourceTree = "<group>"; };
		8B901C4E2B0F817300C05DFF /* RepositoryCollectionStorage.xcdatamodel */ = {isa = PBXFileReference; lastKnownFileType = wrapper.xcdatamodel; path = RepositoryCollectionStorage.xcdatamodel; sourceTree = "<group>"; };
		8B901C512B0F846600C05DFF /* CoreDataStorage.swift */ = {isa = PBXFileReference; lastKnownFileType = sourcecode.swift; path = CoreDataStorage.swift; sourceTree = "<group>"; };
		8B901C542B0F88E000C05DFF /* GithubRepoStorage.swift */ = {isa = PBXFileReference; lastKnownFileType = sourcecode.swift; path = GithubRepoStorage.swift; sourceTree = "<group>"; };
		8B901C562B0F894C00C05DFF /* CoreDataGithubRepoStorage.swift */ = {isa = PBXFileReference; lastKnownFileType = sourcecode.swift; path = CoreDataGithubRepoStorage.swift; sourceTree = "<group>"; };
		8B901C582B0F9E8F00C05DFF /* CoreDataGithubRepoModelMapping.swift */ = {isa = PBXFileReference; lastKnownFileType = sourcecode.swift; path = CoreDataGithubRepoModelMapping.swift; sourceTree = "<group>"; };
		8B901C5A2B0FA8F700C05DFF /* String.swift */ = {isa = PBXFileReference; lastKnownFileType = sourcecode.swift; path = String.swift; sourceTree = "<group>"; };
		8BB11EDF2C34695300BEEAE1 /* UserInfoRepository.swift */ = {isa = PBXFileReference; lastKnownFileType = sourcecode.swift; path = UserInfoRepository.swift; sourceTree = "<group>"; };
		8BB11EE12C34698D00BEEAE1 /* UserInfoRepositoryIml.swift */ = {isa = PBXFileReference; lastKnownFileType = sourcecode.swift; path = UserInfoRepositoryIml.swift; sourceTree = "<group>"; };
		8BB11EE42C3A371C00BEEAE1 /* UserInfoStorage.swift */ = {isa = PBXFileReference; lastKnownFileType = sourcecode.swift; path = UserInfoStorage.swift; sourceTree = "<group>"; };
		8BB11EE62C3A391D00BEEAE1 /* CoreDataUserInfoStorage.swift */ = {isa = PBXFileReference; lastKnownFileType = sourcecode.swift; path = CoreDataUserInfoStorage.swift; sourceTree = "<group>"; };
		8BB11EE82C3A395E00BEEAE1 /* CoreDataUserInfoModelMapping.swift */ = {isa = PBXFileReference; lastKnownFileType = sourcecode.swift; path = CoreDataUserInfoModelMapping.swift; sourceTree = "<group>"; };
		8BB11EEA2C3A56AF00BEEAE1 /* Array.swift */ = {isa = PBXFileReference; lastKnownFileType = sourcecode.swift; path = Array.swift; sourceTree = "<group>"; };
		8BB11EED2C3A631900BEEAE1 /* empty.json */ = {isa = PBXFileReference; fileEncoding = 4; lastKnownFileType = text.json; path = empty.json; sourceTree = "<group>"; };
		8BB11EF22C3A6E1800BEEAE1 /* UserInfoCell.swift */ = {isa = PBXFileReference; lastKnownFileType = sourcecode.swift; path = UserInfoCell.swift; sourceTree = "<group>"; };
		8BB11EF42C3AE71500BEEAE1 /* MainTabViewModel.swift */ = {isa = PBXFileReference; lastKnownFileType = sourcecode.swift; path = MainTabViewModel.swift; sourceTree = "<group>"; };
		8BB6FBC42B64D7FE00345CFA /* CustomNavigationBar.swift */ = {isa = PBXFileReference; lastKnownFileType = sourcecode.swift; path = CustomNavigationBar.swift; sourceTree = "<group>"; };
		8BB6FBC62B66149200345CFA /* CustomNavigationView.swift */ = {isa = PBXFileReference; lastKnownFileType = sourcecode.swift; path = CustomNavigationView.swift; sourceTree = "<group>"; };
		8BB6FBC82B66160D00345CFA /* CustomNavigationContainerView.swift */ = {isa = PBXFileReference; lastKnownFileType = sourcecode.swift; path = CustomNavigationContainerView.swift; sourceTree = "<group>"; };
		8BB6FBCA2B66184400345CFA /* CustomNavigationLink.swift */ = {isa = PBXFileReference; lastKnownFileType = sourcecode.swift; path = CustomNavigationLink.swift; sourceTree = "<group>"; };
		8BB6FBCD2B6622A000345CFA /* CustomNavigationBarPreferenceKey.swift */ = {isa = PBXFileReference; lastKnownFileType = sourcecode.swift; path = CustomNavigationBarPreferenceKey.swift; sourceTree = "<group>"; };
		8BD2D74D2B0CF64800CCF197 /* GithubRepositoryIml.swift */ = {isa = PBXFileReference; lastKnownFileType = sourcecode.swift; path = GithubRepositoryIml.swift; sourceTree = "<group>"; };
		8BD2D7502B0CF84400CCF197 /* WaveBackgroundView.swift */ = {isa = PBXFileReference; lastKnownFileType = sourcecode.swift; path = WaveBackgroundView.swift; sourceTree = "<group>"; };
		8BD2D7552B0D0AA200CCF197 /* NetworkSessionManager.swift */ = {isa = PBXFileReference; lastKnownFileType = sourcecode.swift; path = NetworkSessionManager.swift; sourceTree = "<group>"; };
		8BD2D7592B0D0BEF00CCF197 /* NetworkService.swift */ = {isa = PBXFileReference; lastKnownFileType = sourcecode.swift; path = NetworkService.swift; sourceTree = "<group>"; };
		8BD2D75D2B0D0CC100CCF197 /* Endpoint.swift */ = {isa = PBXFileReference; lastKnownFileType = sourcecode.swift; path = Endpoint.swift; sourceTree = "<group>"; };
		8BD2D7602B0D0DA200CCF197 /* JSONDictionary.swift */ = {isa = PBXFileReference; lastKnownFileType = sourcecode.swift; path = JSONDictionary.swift; sourceTree = "<group>"; };
		8BD2D7642B0D1BAB00CCF197 /* Dictionary.swift */ = {isa = PBXFileReference; lastKnownFileType = sourcecode.swift; path = Dictionary.swift; sourceTree = "<group>"; };
		8BD2D7662B0D258000CCF197 /* Encodable.swift */ = {isa = PBXFileReference; lastKnownFileType = sourcecode.swift; path = Encodable.swift; sourceTree = "<group>"; };
		8BD2D76C2B0DDB4C00CCF197 /* APIEndpoint.swift */ = {isa = PBXFileReference; lastKnownFileType = sourcecode.swift; path = APIEndpoint.swift; sourceTree = "<group>"; };
		8BD2D76E2B0DE04B00CCF197 /* DIContainer.swift */ = {isa = PBXFileReference; lastKnownFileType = sourcecode.swift; path = DIContainer.swift; sourceTree = "<group>"; };
		8BD2D7702B0DE09E00CCF197 /* Configurations.swift */ = {isa = PBXFileReference; lastKnownFileType = sourcecode.swift; path = Configurations.swift; sourceTree = "<group>"; };
		8BD2D7722B0DE21800CCF197 /* RepositoryCollection-Dev-Config.xcconfig */ = {isa = PBXFileReference; lastKnownFileType = text.xcconfig; path = "RepositoryCollection-Dev-Config.xcconfig"; sourceTree = "<group>"; };
		8BD2D7742B0DE57D00CCF197 /* Info.plist */ = {isa = PBXFileReference; lastKnownFileType = text.plist; path = Info.plist; sourceTree = "<group>"; };
		8BD2D7752B0DE62200CCF197 /* Bundle.swift */ = {isa = PBXFileReference; lastKnownFileType = sourcecode.swift; path = Bundle.swift; sourceTree = "<group>"; };
		8BD2D7772B0DEA1A00CCF197 /* DataTransferService.swift */ = {isa = PBXFileReference; lastKnownFileType = sourcecode.swift; path = DataTransferService.swift; sourceTree = "<group>"; };
		8BD2D77B2B0E36B900CCF197 /* Cancellable.swift */ = {isa = PBXFileReference; lastKnownFileType = sourcecode.swift; path = Cancellable.swift; sourceTree = "<group>"; };
		8BD2D77D2B0E512600CCF197 /* AppEnvironment.swift */ = {isa = PBXFileReference; lastKnownFileType = sourcecode.swift; path = AppEnvironment.swift; sourceTree = "<group>"; };
		8BD2D77F2B0E5ACC00CCF197 /* RepositoryCell.swift */ = {isa = PBXFileReference; lastKnownFileType = sourcecode.swift; path = RepositoryCell.swift; sourceTree = "<group>"; };
		8BD2D7812B0EEE3C00CCF197 /* LoadingView.swift */ = {isa = PBXFileReference; lastKnownFileType = sourcecode.swift; path = LoadingView.swift; sourceTree = "<group>"; };
		8BD2D7862B0F12A800CCF197 /* ActivityTracker.swift */ = {isa = PBXFileReference; lastKnownFileType = sourcecode.swift; path = ActivityTracker.swift; sourceTree = "<group>"; };
		8BD2D7882B0F12DD00CCF197 /* ErrorTracker.swift */ = {isa = PBXFileReference; lastKnownFileType = sourcecode.swift; path = ErrorTracker.swift; sourceTree = "<group>"; };
		8BD2D78A2B0F2A4900CCF197 /* AlertMessage.swift */ = {isa = PBXFileReference; lastKnownFileType = sourcecode.swift; path = AlertMessage.swift; sourceTree = "<group>"; };
		8BF5807B2C13F83000AB77AF /* View.swift */ = {isa = PBXFileReference; lastKnownFileType = sourcecode.swift; path = View.swift; sourceTree = "<group>"; };
		8BF5807E2C1568A800AB77AF /* MainTabView.swift */ = {isa = PBXFileReference; lastKnownFileType = sourcecode.swift; path = MainTabView.swift; sourceTree = "<group>"; };
		8BF580812C15694500AB77AF /* HistoryView.swift */ = {isa = PBXFileReference; lastKnownFileType = sourcecode.swift; path = HistoryView.swift; sourceTree = "<group>"; };
		8BF580832C156A9B00AB77AF /* HistoryViewModel.swift */ = {isa = PBXFileReference; lastKnownFileType = sourcecode.swift; path = HistoryViewModel.swift; sourceTree = "<group>"; };
		8BF580852C156B3700AB77AF /* HistoryUseCases.swift */ = {isa = PBXFileReference; lastKnownFileType = sourcecode.swift; path = HistoryUseCases.swift; sourceTree = "<group>"; };
		8BF5808A2C15EEA900AB77AF /* Optional.swift */ = {isa = PBXFileReference; lastKnownFileType = sourcecode.swift; path = Optional.swift; sourceTree = "<group>"; };
		8BF5808C2C1F152C00AB77AF /* Color.swift */ = {isa = PBXFileReference; lastKnownFileType = sourcecode.swift; path = Color.swift; sourceTree = "<group>"; };
		8BF5808F2C2D3AA100AB77AF /* UserDefaultRepository.swift */ = {isa = PBXFileReference; lastKnownFileType = sourcecode.swift; path = UserDefaultRepository.swift; sourceTree = "<group>"; };
		8BF580912C2D3ACB00AB77AF /* UserDefaultRepositoryIml.swift */ = {isa = PBXFileReference; lastKnownFileType = sourcecode.swift; path = UserDefaultRepositoryIml.swift; sourceTree = "<group>"; };
		8BF580942C2D3D3200AB77AF /* DefaultStorage.swift */ = {isa = PBXFileReference; fileEncoding = 4; lastKnownFileType = sourcecode.swift; path = DefaultStorage.swift; sourceTree = "<group>"; };
		8BF580952C2D3D3200AB77AF /* AppDefaultsKey.swift */ = {isa = PBXFileReference; fileEncoding = 4; lastKnownFileType = sourcecode.swift; path = AppDefaultsKey.swift; sourceTree = "<group>"; };
		8BF5809E2C2FC6C700AB77AF /* FlexibleView.swift */ = {isa = PBXFileReference; lastKnownFileType = sourcecode.swift; path = FlexibleView.swift; sourceTree = "<group>"; };
		8BF580A02C2FC72E00AB77AF /* SizePreferenceKey.swift */ = {isa = PBXFileReference; lastKnownFileType = sourcecode.swift; path = SizePreferenceKey.swift; sourceTree = "<group>"; };
		A22E106F2C367CC0007362D5 /* ActivityControllerView.swift */ = {isa = PBXFileReference; lastKnownFileType = sourcecode.swift; path = ActivityControllerView.swift; sourceTree = "<group>"; };
		A263CA242C33B0180085AF0A /* GitHubUserUseCases.swift */ = {isa = PBXFileReference; lastKnownFileType = sourcecode.swift; path = GitHubUserUseCases.swift; sourceTree = "<group>"; };
		A263CA262C33B2D30085AF0A /* GitHubUserModel.swift */ = {isa = PBXFileReference; lastKnownFileType = sourcecode.swift; path = GitHubUserModel.swift; sourceTree = "<group>"; };
		A2BFB1712B0C8D6400AA6FE7 /* RepositoryCollection.app */ = {isa = PBXFileReference; explicitFileType = wrapper.application; includeInIndex = 0; path = RepositoryCollection.app; sourceTree = BUILT_PRODUCTS_DIR; };
		A2BFB1742B0C8D6400AA6FE7 /* RepositoryCollectionApp.swift */ = {isa = PBXFileReference; lastKnownFileType = sourcecode.swift; path = RepositoryCollectionApp.swift; sourceTree = "<group>"; };
		A2BFB17B2B0C8D6700AA6FE7 /* Preview Assets.xcassets */ = {isa = PBXFileReference; lastKnownFileType = folder.assetcatalog; path = "Preview Assets.xcassets"; sourceTree = "<group>"; };
		A2BFB1892B0C904500AA6FE7 /* GitHubRepoUseCases.swift */ = {isa = PBXFileReference; lastKnownFileType = sourcecode.swift; path = GitHubRepoUseCases.swift; sourceTree = "<group>"; };
		A2BFB18B2B0C90B200AA6FE7 /* GithubRepository.swift */ = {isa = PBXFileReference; lastKnownFileType = sourcecode.swift; path = GithubRepository.swift; sourceTree = "<group>"; };
		A2BFB18D2B0C9C1000AA6FE7 /* GitHubRepoModel.swift */ = {isa = PBXFileReference; lastKnownFileType = sourcecode.swift; path = GitHubRepoModel.swift; sourceTree = "<group>"; };
		A2BFB1932B0CA68700AA6FE7 /* RepositoriesView.swift */ = {isa = PBXFileReference; lastKnownFileType = sourcecode.swift; path = RepositoriesView.swift; sourceTree = "<group>"; };
		A2BFB1952B0CA6B100AA6FE7 /* RepositoriesViewModel.swift */ = {isa = PBXFileReference; lastKnownFileType = sourcecode.swift; path = RepositoriesViewModel.swift; sourceTree = "<group>"; };
		A2BFB19B2B0CA96100AA6FE7 /* UIScreen.swift */ = {isa = PBXFileReference; lastKnownFileType = sourcecode.swift; path = UIScreen.swift; sourceTree = "<group>"; };
		A2BFB19E2B0CB4DB00AA6FE7 /* CustomTextField.swift */ = {isa = PBXFileReference; lastKnownFileType = sourcecode.swift; path = CustomTextField.swift; sourceTree = "<group>"; };
		A2D686C52C3B8C7900CAD47B /* SettingView.swift */ = {isa = PBXFileReference; lastKnownFileType = sourcecode.swift; path = SettingView.swift; sourceTree = "<group>"; };
		A2D686C72C3B8CB100CAD47B /* SettingViewModel.swift */ = {isa = PBXFileReference; lastKnownFileType = sourcecode.swift; path = SettingViewModel.swift; sourceTree = "<group>"; };
		A2D686E42C3BF4F200CAD47B /* app-ic-2@3x.png */ = {isa = PBXFileReference; lastKnownFileType = image.png; path = "app-ic-2@3x.png"; sourceTree = "<group>"; };
		A2D686E52C3BF4F200CAD47B /* app-ic@3x.png */ = {isa = PBXFileReference; lastKnownFileType = image.png; path = "app-ic@3x.png"; sourceTree = "<group>"; };
		A2D686E62C3BF4F200CAD47B /* app-ic-1@3x.png */ = {isa = PBXFileReference; lastKnownFileType = image.png; path = "app-ic-1@3x.png"; sourceTree = "<group>"; };
		A2D686E72C3BF4F200CAD47B /* app-ic-1@2x.png */ = {isa = PBXFileReference; lastKnownFileType = image.png; path = "app-ic-1@2x.png"; sourceTree = "<group>"; };
		A2D686E82C3BF4F200CAD47B /* app-ic@2x.png */ = {isa = PBXFileReference; lastKnownFileType = image.png; path = "app-ic@2x.png"; sourceTree = "<group>"; };
		A2D686E92C3BF4F200CAD47B /* app-ic-2@2x.png */ = {isa = PBXFileReference; lastKnownFileType = image.png; path = "app-ic-2@2x.png"; sourceTree = "<group>"; };
		A2D686EA2C3BF4F200CAD47B /* app-ic-3@2x.png */ = {isa = PBXFileReference; lastKnownFileType = image.png; path = "app-ic-3@2x.png"; sourceTree = "<group>"; };
		A2D686EB2C3BF4F200CAD47B /* app-ic-3@3x.png */ = {isa = PBXFileReference; lastKnownFileType = image.png; path = "app-ic-3@3x.png"; sourceTree = "<group>"; };
		A2F2F1212B0F40B30004281E /* LaunchView.swift */ = {isa = PBXFileReference; lastKnownFileType = sourcecode.swift; path = LaunchView.swift; sourceTree = "<group>"; };
		A2F2F1242B0F5B100004281E /* RepositoryDetailView.swift */ = {isa = PBXFileReference; lastKnownFileType = sourcecode.swift; path = RepositoryDetailView.swift; sourceTree = "<group>"; };
/* End PBXFileReference section */

/* Begin PBXFrameworksBuildPhase section */
		A2BFB16E2B0C8D6400AA6FE7 /* Frameworks */ = {
			isa = PBXFrameworksBuildPhase;
			buildActionMask = 2147483647;
			files = (
				8BF580892C15EB6F00AB77AF /* Kingfisher in Frameworks */,
				8BD2D76A2B0D28A100CCF197 /* Alamofire in Frameworks */,
				8BB11EF12C3A65FF00BEEAE1 /* Lottie in Frameworks */,
			);
			runOnlyForDeploymentPostprocessing = 0;
		};
/* End PBXFrameworksBuildPhase section */

/* Begin PBXGroup section */
		8B901C4A2B0F813100C05DFF /* Resources */ = {
			isa = PBXGroup;
			children = (
				8BB11EEC2C3A630D00BEEAE1 /* Json */,
				8B901C4B2B0F813100C05DFF /* Assets.xcassets */,
				8B901C4D2B0F817300C05DFF /* RepositoryCollectionStorage.xcdatamodeld */,
			);
			path = Resources;
			sourceTree = "<group>";
		};
		8B901C502B0F845400C05DFF /* CoreDataStorage */ = {
			isa = PBXGroup;
			children = (
				8BB11EE32C3A36FB00BEEAE1 /* UserInfoStorage */,
				8B901C532B0F88C500C05DFF /* GithubRepoStorage */,
				8B901C512B0F846600C05DFF /* CoreDataStorage.swift */,
			);
			path = CoreDataStorage;
			sourceTree = "<group>";
		};
		8B901C532B0F88C500C05DFF /* GithubRepoStorage */ = {
			isa = PBXGroup;
			children = (
				8B901C542B0F88E000C05DFF /* GithubRepoStorage.swift */,
				8B901C562B0F894C00C05DFF /* CoreDataGithubRepoStorage.swift */,
				8B901C582B0F9E8F00C05DFF /* CoreDataGithubRepoModelMapping.swift */,
			);
			path = GithubRepoStorage;
			sourceTree = "<group>";
		};
		8BB11EE32C3A36FB00BEEAE1 /* UserInfoStorage */ = {
			isa = PBXGroup;
			children = (
				8BB11EE42C3A371C00BEEAE1 /* UserInfoStorage.swift */,
				8BB11EE62C3A391D00BEEAE1 /* CoreDataUserInfoStorage.swift */,
				8BB11EE82C3A395E00BEEAE1 /* CoreDataUserInfoModelMapping.swift */,
			);
			path = UserInfoStorage;
			sourceTree = "<group>";
		};
		8BB11EEC2C3A630D00BEEAE1 /* Json */ = {
			isa = PBXGroup;
			children = (
				8BB11EED2C3A631900BEEAE1 /* empty.json */,
			);
			path = Json;
			sourceTree = "<group>";
		};
		8BB6FBCC2B66227D00345CFA /* Helpers */ = {
			isa = PBXGroup;
			children = (
				8BB6FBCD2B6622A000345CFA /* CustomNavigationBarPreferenceKey.swift */,
				8BF580A02C2FC72E00AB77AF /* SizePreferenceKey.swift */,
			);
			path = Helpers;
			sourceTree = "<group>";
		};
		8BD2D74A2B0CF5F700CCF197 /* Data */ = {
			isa = PBXGroup;
			children = (
				8BD2D76B2B0DDB2F00CCF197 /* NetworkService */,
				8BD2D7532B0D09A800CCF197 /* PersistentStorage */,
				8BD2D74C2B0CF61800CCF197 /* Repositories */,
			);
			path = Data;
			sourceTree = "<group>";
		};
		8BD2D74B2B0CF60A00CCF197 /* Infrastructure */ = {
			isa = PBXGroup;
			children = (
				8BD2D7542B0D0A0900CCF197 /* Networking */,
			);
			path = Infrastructure;
			sourceTree = "<group>";
		};
		8BD2D74C2B0CF61800CCF197 /* Repositories */ = {
			isa = PBXGroup;
			children = (
				8BD2D74D2B0CF64800CCF197 /* GithubRepositoryIml.swift */,
				8BB11EE12C34698D00BEEAE1 /* UserInfoRepositoryIml.swift */,
			);
			path = Repositories;
			sourceTree = "<group>";
		};
		8BD2D7532B0D09A800CCF197 /* PersistentStorage */ = {
			isa = PBXGroup;
			children = (
				8B901C502B0F845400C05DFF /* CoreDataStorage */,
			);
			path = PersistentStorage;
			sourceTree = "<group>";
		};
		8BD2D7542B0D0A0900CCF197 /* Networking */ = {
			isa = PBXGroup;
			children = (
				8BD2D7552B0D0AA200CCF197 /* NetworkSessionManager.swift */,
				8BD2D7592B0D0BEF00CCF197 /* NetworkService.swift */,
				8BD2D7772B0DEA1A00CCF197 /* DataTransferService.swift */,
				8BD2D75D2B0D0CC100CCF197 /* Endpoint.swift */,
			);
			path = Networking;
			sourceTree = "<group>";
		};
		8BD2D75F2B0D0D8700CCF197 /* Commons */ = {
			isa = PBXGroup;
			children = (
				8BD2D7622B0D1B7A00CCF197 /* Utils */,
				8BD2D7602B0D0DA200CCF197 /* JSONDictionary.swift */,
				8BD2D77B2B0E36B900CCF197 /* Cancellable.swift */,
			);
			path = Commons;
			sourceTree = "<group>";
		};
		8BD2D7622B0D1B7A00CCF197 /* Utils */ = {
			isa = PBXGroup;
			children = (
				8BD2D7852B0F05D900CCF197 /* Helpers */,
				8BD2D7632B0D1B9800CCF197 /* Extensions */,
			);
			path = Utils;
			sourceTree = "<group>";
		};
		8BD2D7632B0D1B9800CCF197 /* Extensions */ = {
			isa = PBXGroup;
			children = (
				8BD2D7642B0D1BAB00CCF197 /* Dictionary.swift */,
				8BD2D7662B0D258000CCF197 /* Encodable.swift */,
				8BD2D7752B0DE62200CCF197 /* Bundle.swift */,
				8B901C5A2B0FA8F700C05DFF /* String.swift */,
				8BF5808A2C15EEA900AB77AF /* Optional.swift */,
				8BB11EEA2C3A56AF00BEEAE1 /* Array.swift */,
			);
			path = Extensions;
			sourceTree = "<group>";
		};
		8BD2D76B2B0DDB2F00CCF197 /* NetworkService */ = {
			isa = PBXGroup;
			children = (
				8BD2D76C2B0DDB4C00CCF197 /* APIEndpoint.swift */,
			);
			path = NetworkService;
			sourceTree = "<group>";
		};
		8BD2D7792B0DF3E500CCF197 /* DIContainer */ = {
			isa = PBXGroup;
			children = (
				8BD2D76E2B0DE04B00CCF197 /* DIContainer.swift */,
			);
			path = DIContainer;
			sourceTree = "<group>";
		};
		8BD2D77A2B0DF3F300CCF197 /* Configurations */ = {
			isa = PBXGroup;
			children = (
				8BD2D7702B0DE09E00CCF197 /* Configurations.swift */,
				8BD2D7722B0DE21800CCF197 /* RepositoryCollection-Dev-Config.xcconfig */,
			);
			path = Configurations;
			sourceTree = "<group>";
		};
		8BD2D7852B0F05D900CCF197 /* Helpers */ = {
			isa = PBXGroup;
			children = (
				8BD2D7862B0F12A800CCF197 /* ActivityTracker.swift */,
				8BD2D7882B0F12DD00CCF197 /* ErrorTracker.swift */,
			);
			path = Helpers;
			sourceTree = "<group>";
		};
		8BF5807D2C15688400AB77AF /* MainTabView */ = {
			isa = PBXGroup;
			children = (
				8BF5807E2C1568A800AB77AF /* MainTabView.swift */,
				8BB11EF42C3AE71500BEEAE1 /* MainTabViewModel.swift */,
			);
			path = MainTabView;
			sourceTree = "<group>";
		};
		8BF580802C15690600AB77AF /* HistoryView */ = {
			isa = PBXGroup;
			children = (
				8BF580812C15694500AB77AF /* HistoryView.swift */,
				8BF580832C156A9B00AB77AF /* HistoryViewModel.swift */,
				8BB11EF22C3A6E1800BEEAE1 /* UserInfoCell.swift */,
			);
			path = HistoryView;
			sourceTree = "<group>";
		};
		8BF5808E2C2D3A7A00AB77AF /* Managers */ = {
			isa = PBXGroup;
			children = (
				8BF580932C2D3D3200AB77AF /* Storage */,
				8BF5808F2C2D3AA100AB77AF /* UserDefaultRepository.swift */,
				8BF580912C2D3ACB00AB77AF /* UserDefaultRepositoryIml.swift */,
			);
			path = Managers;
			sourceTree = "<group>";
		};
		8BF580932C2D3D3200AB77AF /* Storage */ = {
			isa = PBXGroup;
			children = (
				8BF580942C2D3D3200AB77AF /* DefaultStorage.swift */,
				8BF580952C2D3D3200AB77AF /* AppDefaultsKey.swift */,
			);
			path = Storage;
			sourceTree = "<group>";
		};
		8BF580982C2FC64800AB77AF /* CustomNavigationView */ = {
			isa = PBXGroup;
			children = (
				8BB6FBC62B66149200345CFA /* CustomNavigationView.swift */,
				8BB6FBCA2B66184400345CFA /* CustomNavigationLink.swift */,
				8BB6FBC82B66160D00345CFA /* CustomNavigationContainerView.swift */,
				8BB6FBC42B64D7FE00345CFA /* CustomNavigationBar.swift */,
			);
			path = CustomNavigationView;
			sourceTree = "<group>";
		};
		8BF580992C2FC66400AB77AF /* CustomTextField */ = {
			isa = PBXGroup;
			children = (
				A2BFB19E2B0CB4DB00AA6FE7 /* CustomTextField.swift */,
			);
			path = CustomTextField;
			sourceTree = "<group>";
		};
		8BF5809A2C2FC67300AB77AF /* WaveBackgroundView */ = {
			isa = PBXGroup;
			children = (
				8BD2D7502B0CF84400CCF197 /* WaveBackgroundView.swift */,
			);
			path = WaveBackgroundView;
			sourceTree = "<group>";
		};
		8BF5809B2C2FC69700AB77AF /* Models */ = {
			isa = PBXGroup;
			children = (
				8BD2D78A2B0F2A4900CCF197 /* AlertMessage.swift */,
			);
			path = Models;
			sourceTree = "<group>";
		};
		8BF5809C2C2FC6A400AB77AF /* LoadingView */ = {
			isa = PBXGroup;
			children = (
				8BD2D7812B0EEE3C00CCF197 /* LoadingView.swift */,
			);
			path = LoadingView;
			sourceTree = "<group>";
		};
		8BF5809D2C2FC6AE00AB77AF /* CollectionView */ = {
			isa = PBXGroup;
			children = (
				8BF5809E2C2FC6C700AB77AF /* FlexibleView.swift */,
			);
			path = CollectionView;
			sourceTree = "<group>";
		};
		A22E106E2C367C99007362D5 /* ActivityControllerView */ = {
			isa = PBXGroup;
			children = (
				A22E106F2C367CC0007362D5 /* ActivityControllerView.swift */,
			);
			path = ActivityControllerView;
			sourceTree = "<group>";
		};
		A2BFB1682B0C8D6400AA6FE7 = {
			isa = PBXGroup;
			children = (
				A2BFB1732B0C8D6400AA6FE7 /* RepositoryCollection */,
				A2BFB1722B0C8D6400AA6FE7 /* Products */,
			);
			sourceTree = "<group>";
		};
		A2BFB1722B0C8D6400AA6FE7 /* Products */ = {
			isa = PBXGroup;
			children = (
				A2BFB1712B0C8D6400AA6FE7 /* RepositoryCollection.app */,
			);
			name = Products;
			sourceTree = "<group>";
		};
		A2BFB1732B0C8D6400AA6FE7 /* RepositoryCollection */ = {
			isa = PBXGroup;
			children = (
				8BD2D7742B0DE57D00CCF197 /* Info.plist */,
				A2D686CB2C3BF43200CAD47B /* AppIcons */,
				A2BFB1822B0C8DE800AA6FE7 /* Application */,
				8B901C4A2B0F813100C05DFF /* Resources */,
				8BD2D75F2B0D0D8700CCF197 /* Commons */,
				A2BFB1842B0C8E0F00AA6FE7 /* Presentation */,
				A2BFB1832B0C8E0000AA6FE7 /* Domains */,
				8BD2D74A2B0CF5F700CCF197 /* Data */,
				8BD2D74B2B0CF60A00CCF197 /* Infrastructure */,
				A2BFB17A2B0C8D6700AA6FE7 /* Preview Content */,
			);
			path = RepositoryCollection;
			sourceTree = "<group>";
		};
		A2BFB17A2B0C8D6700AA6FE7 /* Preview Content */ = {
			isa = PBXGroup;
			children = (
				A2BFB17B2B0C8D6700AA6FE7 /* Preview Assets.xcassets */,
			);
			path = "Preview Content";
			sourceTree = "<group>";
		};
		A2BFB1822B0C8DE800AA6FE7 /* Application */ = {
			isa = PBXGroup;
			children = (
				8BF5808E2C2D3A7A00AB77AF /* Managers */,
				8BD2D77A2B0DF3F300CCF197 /* Configurations */,
				8BD2D7792B0DF3E500CCF197 /* DIContainer */,
				A2BFB1742B0C8D6400AA6FE7 /* RepositoryCollectionApp.swift */,
				8BD2D77D2B0E512600CCF197 /* AppEnvironment.swift */,
			);
			path = Application;
			sourceTree = "<group>";
		};
		A2BFB1832B0C8E0000AA6FE7 /* Domains */ = {
			isa = PBXGroup;
			children = (
				A2BFB1882B0C8E9200AA6FE7 /* Interfaces */,
				A2BFB1872B0C8E6900AA6FE7 /* Entities */,
				A2BFB1862B0C8E5D00AA6FE7 /* UseCases */,
			);
			path = Domains;
			sourceTree = "<group>";
		};
		A2BFB1842B0C8E0F00AA6FE7 /* Presentation */ = {
			isa = PBXGroup;
			children = (
				8BF5809B2C2FC69700AB77AF /* Models */,
				A2BFB19D2B0CB41000AA6FE7 /* Components */,
				A2BFB19A2B0CA94A00AA6FE7 /* Extensions */,
				A2BFB1912B0CA66100AA6FE7 /* Modules */,
			);
			path = Presentation;
			sourceTree = "<group>";
		};
		A2BFB1862B0C8E5D00AA6FE7 /* UseCases */ = {
			isa = PBXGroup;
			children = (
				A2BFB1892B0C904500AA6FE7 /* GitHubRepoUseCases.swift */,
				8BF580852C156B3700AB77AF /* HistoryUseCases.swift */,
				A263CA242C33B0180085AF0A /* GitHubUserUseCases.swift */,
			);
			path = UseCases;
			sourceTree = "<group>";
		};
		A2BFB1872B0C8E6900AA6FE7 /* Entities */ = {
			isa = PBXGroup;
			children = (
				A2BFB18D2B0C9C1000AA6FE7 /* GitHubRepoModel.swift */,
				A263CA262C33B2D30085AF0A /* GitHubUserModel.swift */,
			);
			path = Entities;
			sourceTree = "<group>";
		};
		A2BFB1882B0C8E9200AA6FE7 /* Interfaces */ = {
			isa = PBXGroup;
			children = (
				A2BFB18B2B0C90B200AA6FE7 /* GithubRepository.swift */,
				8BB11EDF2C34695300BEEAE1 /* UserInfoRepository.swift */,
			);
			path = Interfaces;
			sourceTree = "<group>";
		};
		A2BFB1912B0CA66100AA6FE7 /* Modules */ = {
			isa = PBXGroup;
			children = (
				A2D686C42C3B8C5B00CAD47B /* SettingView */,
				8BF580802C15690600AB77AF /* HistoryView */,
				8BF5807D2C15688400AB77AF /* MainTabView */,
				A2F2F1202B0F40650004281E /* LaunchView */,
				A2BFB1922B0CA66D00AA6FE7 /* RepositoriesView */,
				A2F2F1232B0F5ACE0004281E /* RepositoryDetailView */,
			);
			path = Modules;
			sourceTree = "<group>";
		};
		A2BFB1922B0CA66D00AA6FE7 /* RepositoriesView */ = {
			isa = PBXGroup;
			children = (
				A2BFB1932B0CA68700AA6FE7 /* RepositoriesView.swift */,
				A2BFB1952B0CA6B100AA6FE7 /* RepositoriesViewModel.swift */,
				8BD2D77F2B0E5ACC00CCF197 /* RepositoryCell.swift */,
			);
			path = RepositoriesView;
			sourceTree = "<group>";
		};
		A2BFB19A2B0CA94A00AA6FE7 /* Extensions */ = {
			isa = PBXGroup;
			children = (
				8BB6FBCC2B66227D00345CFA /* Helpers */,
				A2BFB19B2B0CA96100AA6FE7 /* UIScreen.swift */,
				8BF5807B2C13F83000AB77AF /* View.swift */,
				8BF5808C2C1F152C00AB77AF /* Color.swift */,
			);
			path = Extensions;
			sourceTree = "<group>";
		};
		A2BFB19D2B0CB41000AA6FE7 /* Components */ = {
			isa = PBXGroup;
			children = (
				A22E106E2C367C99007362D5 /* ActivityControllerView */,
				8BF5809D2C2FC6AE00AB77AF /* CollectionView */,
				8BF5809C2C2FC6A400AB77AF /* LoadingView */,
				8BF5809A2C2FC67300AB77AF /* WaveBackgroundView */,
				8BF580992C2FC66400AB77AF /* CustomTextField */,
				8BF580982C2FC64800AB77AF /* CustomNavigationView */,
			);
			path = Components;
			sourceTree = "<group>";
		};
		A2D686C42C3B8C5B00CAD47B /* SettingView */ = {
			isa = PBXGroup;
			children = (
				A2D686C52C3B8C7900CAD47B /* SettingView.swift */,
				A2D686C72C3B8CB100CAD47B /* SettingViewModel.swift */,
			);
			path = SettingView;
			sourceTree = "<group>";
		};
		A2D686CB2C3BF43200CAD47B /* AppIcons */ = {
			isa = PBXGroup;
			children = (
				A2D686E72C3BF4F200CAD47B /* app-ic-1@2x.png */,
				A2D686E62C3BF4F200CAD47B /* app-ic-1@3x.png */,
				A2D686E92C3BF4F200CAD47B /* app-ic-2@2x.png */,
				A2D686E42C3BF4F200CAD47B /* app-ic-2@3x.png */,
				A2D686EA2C3BF4F200CAD47B /* app-ic-3@2x.png */,
				A2D686EB2C3BF4F200CAD47B /* app-ic-3@3x.png */,
				A2D686E82C3BF4F200CAD47B /* app-ic@2x.png */,
				A2D686E52C3BF4F200CAD47B /* app-ic@3x.png */,
			);
			path = AppIcons;
			sourceTree = "<group>";
		};
		A2F2F1202B0F40650004281E /* LaunchView */ = {
			isa = PBXGroup;
			children = (
				A2F2F1212B0F40B30004281E /* LaunchView.swift */,
			);
			path = LaunchView;
			sourceTree = "<group>";
		};
		A2F2F1232B0F5ACE0004281E /* RepositoryDetailView */ = {
			isa = PBXGroup;
			children = (
				A2F2F1242B0F5B100004281E /* RepositoryDetailView.swift */,
			);
			path = RepositoryDetailView;
			sourceTree = "<group>";
		};
/* End PBXGroup section */

/* Begin PBXNativeTarget section */
		A2BFB1702B0C8D6400AA6FE7 /* RepositoryCollection */ = {
			isa = PBXNativeTarget;
			buildConfigurationList = A2BFB17F2B0C8D6700AA6FE7 /* Build configuration list for PBXNativeTarget "RepositoryCollection" */;
			buildPhases = (
				A2BFB16D2B0C8D6400AA6FE7 /* Sources */,
				A2BFB16E2B0C8D6400AA6FE7 /* Frameworks */,
				A2BFB16F2B0C8D6400AA6FE7 /* Resources */,
				8B901C5D2B0FBDF200C05DFF /* ShellScript */,
			);
			buildRules = (
			);
			dependencies = (
			);
			name = RepositoryCollection;
			packageProductDependencies = (
				8BD2D7692B0D28A100CCF197 /* Alamofire */,
				8BF580882C15EB6F00AB77AF /* Kingfisher */,
				8BB11EF02C3A65FF00BEEAE1 /* Lottie */,
			);
			productName = RepositoryCollection;
			productReference = A2BFB1712B0C8D6400AA6FE7 /* RepositoryCollection.app */;
			productType = "com.apple.product-type.application";
		};
/* End PBXNativeTarget section */

/* Begin PBXProject section */
		A2BFB1692B0C8D6400AA6FE7 /* Project object */ = {
			isa = PBXProject;
			attributes = {
				BuildIndependentTargetsInParallel = 1;
				LastSwiftUpdateCheck = 1500;
				LastUpgradeCheck = 1500;
				TargetAttributes = {
					A2BFB1702B0C8D6400AA6FE7 = {
						CreatedOnToolsVersion = 15.0;
					};
				};
			};
			buildConfigurationList = A2BFB16C2B0C8D6400AA6FE7 /* Build configuration list for PBXProject "RepositoryCollection" */;
			compatibilityVersion = "Xcode 14.0";
			developmentRegion = en;
			hasScannedForEncodings = 0;
			knownRegions = (
				en,
				Base,
			);
			mainGroup = A2BFB1682B0C8D6400AA6FE7;
			packageReferences = (
				8BD2D7682B0D28A100CCF197 /* XCRemoteSwiftPackageReference "Alamofire" */,
				8BF580872C15EB6F00AB77AF /* XCRemoteSwiftPackageReference "Kingfisher" */,
				8BB11EEF2C3A65FF00BEEAE1 /* XCRemoteSwiftPackageReference "lottie-ios" */,
			);
			productRefGroup = A2BFB1722B0C8D6400AA6FE7 /* Products */;
			projectDirPath = "";
			projectRoot = "";
			targets = (
				A2BFB1702B0C8D6400AA6FE7 /* RepositoryCollection */,
			);
		};
/* End PBXProject section */

/* Begin PBXResourcesBuildPhase section */
		A2BFB16F2B0C8D6400AA6FE7 /* Resources */ = {
			isa = PBXResourcesBuildPhase;
			buildActionMask = 2147483647;
			files = (
				A2BFB17C2B0C8D6700AA6FE7 /* Preview Assets.xcassets in Resources */,
				8BB11EEE2C3A631900BEEAE1 /* empty.json in Resources */,
				A2D686EE2C3BF4F200CAD47B /* app-ic-1@3x.png in Resources */,
				A2D686EC2C3BF4F200CAD47B /* app-ic-2@3x.png in Resources */,
				A2D686F22C3BF4F200CAD47B /* app-ic-3@2x.png in Resources */,
				A2D686EF2C3BF4F200CAD47B /* app-ic-1@2x.png in Resources */,
				A2D686ED2C3BF4F200CAD47B /* app-ic@3x.png in Resources */,
				A2D686F32C3BF4F200CAD47B /* app-ic-3@3x.png in Resources */,
				A2D686F02C3BF4F200CAD47B /* app-ic@2x.png in Resources */,
				8B901C4C2B0F813100C05DFF /* Assets.xcassets in Resources */,
				8BD2D7732B0DE21800CCF197 /* RepositoryCollection-Dev-Config.xcconfig in Resources */,
				A2D686F12C3BF4F200CAD47B /* app-ic-2@2x.png in Resources */,
			);
			runOnlyForDeploymentPostprocessing = 0;
		};
/* End PBXResourcesBuildPhase section */

/* Begin PBXShellScriptBuildPhase section */
		8B901C5D2B0FBDF200C05DFF /* ShellScript */ = {
			isa = PBXShellScriptBuildPhase;
			alwaysOutOfDate = 1;
			buildActionMask = 8;
			files = (
			);
			inputFileListPaths = (
			);
			inputPaths = (
			);
			outputFileListPaths = (
			);
			outputPaths = (
			);
			runOnlyForDeploymentPostprocessing = 1;
			shellPath = /bin/sh;
			shellScript = "export PATH=\"$PATH:/opt/homebrew/bin\"\n\nif ! which swiftlint >/dev/null; then\n    echo \"Installing SwiftLint...\"\n    brew install swiftlint\nfi\n\n    echo \"Linting...\"\n";
		};
/* End PBXShellScriptBuildPhase section */

/* Begin PBXSourcesBuildPhase section */
		A2BFB16D2B0C8D6400AA6FE7 /* Sources */ = {
			isa = PBXSourcesBuildPhase;
			buildActionMask = 2147483647;
			files = (
				A2D686C82C3B8CB100CAD47B /* SettingViewModel.swift in Sources */,
				8BB11EE52C3A371C00BEEAE1 /* UserInfoStorage.swift in Sources */,
				8BD2D7872B0F12A800CCF197 /* ActivityTracker.swift in Sources */,
				8BD2D7802B0E5ACC00CCF197 /* RepositoryCell.swift in Sources */,
				A2BFB1942B0CA68700AA6FE7 /* RepositoriesView.swift in Sources */,
				A263CA252C33B0180085AF0A /* GitHubUserUseCases.swift in Sources */,
				8BD2D7672B0D258000CCF197 /* Encodable.swift in Sources */,
				8BB11EE22C34698D00BEEAE1 /* UserInfoRepositoryIml.swift in Sources */,
				8B901C4F2B0F817300C05DFF /* RepositoryCollectionStorage.xcdatamodeld in Sources */,
				8BF580972C2D3D3200AB77AF /* AppDefaultsKey.swift in Sources */,
				8BB11EEB2C3A56AF00BEEAE1 /* Array.swift in Sources */,
				8BF5808D2C1F152C00AB77AF /* Color.swift in Sources */,
				8BF580902C2D3AA100AB77AF /* UserDefaultRepository.swift in Sources */,
				8BF580962C2D3D3200AB77AF /* DefaultStorage.swift in Sources */,
				8BF580822C15694500AB77AF /* HistoryView.swift in Sources */,
				8BF5809F2C2FC6C700AB77AF /* FlexibleView.swift in Sources */,
				8BD2D7512B0CF84400CCF197 /* WaveBackgroundView.swift in Sources */,
				8BB6FBCB2B66184400345CFA /* CustomNavigationLink.swift in Sources */,
				8BB6FBC52B64D7FE00345CFA /* CustomNavigationBar.swift in Sources */,
				A2BFB1752B0C8D6400AA6FE7 /* RepositoryCollectionApp.swift in Sources */,
				8BB11EE92C3A395E00BEEAE1 /* CoreDataUserInfoModelMapping.swift in Sources */,
				8BF580842C156A9B00AB77AF /* HistoryViewModel.swift in Sources */,
				A2D686C62C3B8C7900CAD47B /* SettingView.swift in Sources */,
				8BD2D75E2B0D0CC100CCF197 /* Endpoint.swift in Sources */,
				8B901C522B0F846600C05DFF /* CoreDataStorage.swift in Sources */,
				8B901C552B0F88E000C05DFF /* GithubRepoStorage.swift in Sources */,
				8BB11EF32C3A6E1800BEEAE1 /* UserInfoCell.swift in Sources */,
				8BD2D7892B0F12DD00CCF197 /* ErrorTracker.swift in Sources */,
				8BF5808B2C15EEA900AB77AF /* Optional.swift in Sources */,
				A2BFB18C2B0C90B200AA6FE7 /* GithubRepository.swift in Sources */,
				A2BFB19F2B0CB4DB00AA6FE7 /* CustomTextField.swift in Sources */,
				8B901C572B0F894C00C05DFF /* CoreDataGithubRepoStorage.swift in Sources */,
				8BD2D76D2B0DDB4C00CCF197 /* APIEndpoint.swift in Sources */,
				A2BFB19C2B0CA96100AA6FE7 /* UIScreen.swift in Sources */,
				8B901C592B0F9E8F00C05DFF /* CoreDataGithubRepoModelMapping.swift in Sources */,
				A2BFB1962B0CA6B100AA6FE7 /* RepositoriesViewModel.swift in Sources */,
				8BB6FBCE2B6622A000345CFA /* CustomNavigationBarPreferenceKey.swift in Sources */,
				8BF580A12C2FC72E00AB77AF /* SizePreferenceKey.swift in Sources */,
				8BD2D7822B0EEE3C00CCF197 /* LoadingView.swift in Sources */,
				A22E10702C367CC0007362D5 /* ActivityControllerView.swift in Sources */,
				8BB11EE72C3A391D00BEEAE1 /* CoreDataUserInfoStorage.swift in Sources */,
				A2F2F1222B0F40B30004281E /* LaunchView.swift in Sources */,
				8BD2D76F2B0DE04B00CCF197 /* DIContainer.swift in Sources */,
				8BD2D75A2B0D0BEF00CCF197 /* NetworkService.swift in Sources */,
				8BD2D7712B0DE09E00CCF197 /* Configurations.swift in Sources */,
				8BF5807C2C13F83000AB77AF /* View.swift in Sources */,
				8BD2D7562B0D0AA200CCF197 /* NetworkSessionManager.swift in Sources */,
				8BD2D78B2B0F2A4900CCF197 /* AlertMessage.swift in Sources */,
				A2BFB18A2B0C904500AA6FE7 /* GitHubRepoUseCases.swift in Sources */,
				A2BFB18E2B0C9C1000AA6FE7 /* GitHubRepoModel.swift in Sources */,
				8BD2D77C2B0E36B900CCF197 /* Cancellable.swift in Sources */,
				8BB6FBC92B66160D00345CFA /* CustomNavigationContainerView.swift in Sources */,
				A263CA272C33B2D30085AF0A /* GitHubUserModel.swift in Sources */,
				8BD2D7652B0D1BAB00CCF197 /* Dictionary.swift in Sources */,
				8BD2D77E2B0E512600CCF197 /* AppEnvironment.swift in Sources */,
				8B901C5B2B0FA8F700C05DFF /* String.swift in Sources */,
				8BF580922C2D3ACB00AB77AF /* UserDefaultRepositoryIml.swift in Sources */,
				8BD2D7782B0DEA1A00CCF197 /* DataTransferService.swift in Sources */,
				8BB11EE02C34695300BEEAE1 /* UserInfoRepository.swift in Sources */,
				8BD2D7762B0DE62200CCF197 /* Bundle.swift in Sources */,
				8BF580862C156B3700AB77AF /* HistoryUseCases.swift in Sources */,
				A2F2F1252B0F5B100004281E /* RepositoryDetailView.swift in Sources */,
				8BF5807F2C1568A800AB77AF /* MainTabView.swift in Sources */,
				8BB11EF52C3AE71500BEEAE1 /* MainTabViewModel.swift in Sources */,
				8BD2D74E2B0CF64800CCF197 /* GithubRepositoryIml.swift in Sources */,
				8BD2D7612B0D0DA200CCF197 /* JSONDictionary.swift in Sources */,
				8BB6FBC72B66149200345CFA /* CustomNavigationView.swift in Sources */,
			);
			runOnlyForDeploymentPostprocessing = 0;
		};
/* End PBXSourcesBuildPhase section */

/* Begin XCBuildConfiguration section */
		A2BFB17D2B0C8D6700AA6FE7 /* Debug */ = {
			isa = XCBuildConfiguration;
			baseConfigurationReference = 8BD2D7722B0DE21800CCF197 /* RepositoryCollection-Dev-Config.xcconfig */;
			buildSettings = {
				ALWAYS_SEARCH_USER_PATHS = NO;
				ASSETCATALOG_COMPILER_GENERATE_SWIFT_ASSET_SYMBOL_EXTENSIONS = YES;
				ASSETCATALOG_COMPILER_INCLUDE_ALL_APPICON_ASSETS = NO;
				CLANG_ANALYZER_NONNULL = YES;
				CLANG_ANALYZER_NUMBER_OBJECT_CONVERSION = YES_AGGRESSIVE;
				CLANG_CXX_LANGUAGE_STANDARD = "gnu++20";
				CLANG_ENABLE_MODULES = YES;
				CLANG_ENABLE_OBJC_ARC = YES;
				CLANG_ENABLE_OBJC_WEAK = YES;
				CLANG_WARN_BLOCK_CAPTURE_AUTORELEASING = YES;
				CLANG_WARN_BOOL_CONVERSION = YES;
				CLANG_WARN_COMMA = YES;
				CLANG_WARN_CONSTANT_CONVERSION = YES;
				CLANG_WARN_DEPRECATED_OBJC_IMPLEMENTATIONS = YES;
				CLANG_WARN_DIRECT_OBJC_ISA_USAGE = YES_ERROR;
				CLANG_WARN_DOCUMENTATION_COMMENTS = YES;
				CLANG_WARN_EMPTY_BODY = YES;
				CLANG_WARN_ENUM_CONVERSION = YES;
				CLANG_WARN_INFINITE_RECURSION = YES;
				CLANG_WARN_INT_CONVERSION = YES;
				CLANG_WARN_NON_LITERAL_NULL_CONVERSION = YES;
				CLANG_WARN_OBJC_IMPLICIT_RETAIN_SELF = YES;
				CLANG_WARN_OBJC_LITERAL_CONVERSION = YES;
				CLANG_WARN_OBJC_ROOT_CLASS = YES_ERROR;
				CLANG_WARN_QUOTED_INCLUDE_IN_FRAMEWORK_HEADER = YES;
				CLANG_WARN_RANGE_LOOP_ANALYSIS = YES;
				CLANG_WARN_STRICT_PROTOTYPES = YES;
				CLANG_WARN_SUSPICIOUS_MOVE = YES;
				CLANG_WARN_UNGUARDED_AVAILABILITY = YES_AGGRESSIVE;
				CLANG_WARN_UNREACHABLE_CODE = YES;
				CLANG_WARN__DUPLICATE_METHOD_MATCH = YES;
				COPY_PHASE_STRIP = NO;
				DEBUG_INFORMATION_FORMAT = dwarf;
				ENABLE_STRICT_OBJC_MSGSEND = YES;
				ENABLE_TESTABILITY = YES;
				ENABLE_USER_SCRIPT_SANDBOXING = YES;
				GCC_C_LANGUAGE_STANDARD = gnu17;
				GCC_DYNAMIC_NO_PIC = NO;
				GCC_NO_COMMON_BLOCKS = YES;
				GCC_OPTIMIZATION_LEVEL = 0;
				GCC_PREPROCESSOR_DEFINITIONS = (
					"DEBUG=1",
					"$(inherited)",
				);
				GCC_WARN_64_TO_32_BIT_CONVERSION = YES;
				GCC_WARN_ABOUT_RETURN_TYPE = YES_ERROR;
				GCC_WARN_UNDECLARED_SELECTOR = YES;
				GCC_WARN_UNINITIALIZED_AUTOS = YES_AGGRESSIVE;
				GCC_WARN_UNUSED_FUNCTION = YES;
				GCC_WARN_UNUSED_VARIABLE = YES;
				IPHONEOS_DEPLOYMENT_TARGET = 17.0;
				LOCALIZATION_PREFERS_STRING_CATALOGS = YES;
				MTL_ENABLE_DEBUG_INFO = INCLUDE_SOURCE;
				MTL_FAST_MATH = YES;
				ONLY_ACTIVE_ARCH = YES;
				SDKROOT = iphoneos;
				SWIFT_ACTIVE_COMPILATION_CONDITIONS = "DEBUG $(inherited)";
				SWIFT_OPTIMIZATION_LEVEL = "-Onone";
			};
			name = Debug;
		};
		A2BFB17E2B0C8D6700AA6FE7 /* Release */ = {
			isa = XCBuildConfiguration;
			baseConfigurationReference = 8BD2D7722B0DE21800CCF197 /* RepositoryCollection-Dev-Config.xcconfig */;
			buildSettings = {
				ALWAYS_SEARCH_USER_PATHS = NO;
				ASSETCATALOG_COMPILER_GENERATE_SWIFT_ASSET_SYMBOL_EXTENSIONS = YES;
				ASSETCATALOG_COMPILER_INCLUDE_ALL_APPICON_ASSETS = NO;
				CLANG_ANALYZER_NONNULL = YES;
				CLANG_ANALYZER_NUMBER_OBJECT_CONVERSION = YES_AGGRESSIVE;
				CLANG_CXX_LANGUAGE_STANDARD = "gnu++20";
				CLANG_ENABLE_MODULES = YES;
				CLANG_ENABLE_OBJC_ARC = YES;
				CLANG_ENABLE_OBJC_WEAK = YES;
				CLANG_WARN_BLOCK_CAPTURE_AUTORELEASING = YES;
				CLANG_WARN_BOOL_CONVERSION = YES;
				CLANG_WARN_COMMA = YES;
				CLANG_WARN_CONSTANT_CONVERSION = YES;
				CLANG_WARN_DEPRECATED_OBJC_IMPLEMENTATIONS = YES;
				CLANG_WARN_DIRECT_OBJC_ISA_USAGE = YES_ERROR;
				CLANG_WARN_DOCUMENTATION_COMMENTS = YES;
				CLANG_WARN_EMPTY_BODY = YES;
				CLANG_WARN_ENUM_CONVERSION = YES;
				CLANG_WARN_INFINITE_RECURSION = YES;
				CLANG_WARN_INT_CONVERSION = YES;
				CLANG_WARN_NON_LITERAL_NULL_CONVERSION = YES;
				CLANG_WARN_OBJC_IMPLICIT_RETAIN_SELF = YES;
				CLANG_WARN_OBJC_LITERAL_CONVERSION = YES;
				CLANG_WARN_OBJC_ROOT_CLASS = YES_ERROR;
				CLANG_WARN_QUOTED_INCLUDE_IN_FRAMEWORK_HEADER = YES;
				CLANG_WARN_RANGE_LOOP_ANALYSIS = YES;
				CLANG_WARN_STRICT_PROTOTYPES = YES;
				CLANG_WARN_SUSPICIOUS_MOVE = YES;
				CLANG_WARN_UNGUARDED_AVAILABILITY = YES_AGGRESSIVE;
				CLANG_WARN_UNREACHABLE_CODE = YES;
				CLANG_WARN__DUPLICATE_METHOD_MATCH = YES;
				COPY_PHASE_STRIP = NO;
				DEBUG_INFORMATION_FORMAT = "dwarf-with-dsym";
				ENABLE_NS_ASSERTIONS = NO;
				ENABLE_STRICT_OBJC_MSGSEND = YES;
				ENABLE_USER_SCRIPT_SANDBOXING = YES;
				GCC_C_LANGUAGE_STANDARD = gnu17;
				GCC_NO_COMMON_BLOCKS = YES;
				GCC_WARN_64_TO_32_BIT_CONVERSION = YES;
				GCC_WARN_ABOUT_RETURN_TYPE = YES_ERROR;
				GCC_WARN_UNDECLARED_SELECTOR = YES;
				GCC_WARN_UNINITIALIZED_AUTOS = YES_AGGRESSIVE;
				GCC_WARN_UNUSED_FUNCTION = YES;
				GCC_WARN_UNUSED_VARIABLE = YES;
				IPHONEOS_DEPLOYMENT_TARGET = 17.0;
				LOCALIZATION_PREFERS_STRING_CATALOGS = YES;
				MTL_ENABLE_DEBUG_INFO = NO;
				MTL_FAST_MATH = YES;
				SDKROOT = iphoneos;
				SWIFT_COMPILATION_MODE = wholemodule;
				VALIDATE_PRODUCT = YES;
			};
			name = Release;
		};
		A2BFB1802B0C8D6700AA6FE7 /* Debug */ = {
			isa = XCBuildConfiguration;
			buildSettings = {
				ASSETCATALOG_COMPILER_APPICON_NAME = AppIcon;
				ASSETCATALOG_COMPILER_GLOBAL_ACCENT_COLOR_NAME = AccentColor;
				CODE_SIGN_STYLE = Automatic;
				CURRENT_PROJECT_VERSION = 1;
				DEVELOPMENT_ASSET_PATHS = "\"RepositoryCollection/Preview Content\"";
				DEVELOPMENT_TEAM = 95XVN448CF;
				ENABLE_PREVIEWS = YES;
				GENERATE_INFOPLIST_FILE = YES;
				INFOPLIST_FILE = RepositoryCollection/Info.plist;
				INFOPLIST_KEY_CFBundleDisplayName = "Git Look";
				INFOPLIST_KEY_UIApplicationSceneManifest_Generation = YES;
				INFOPLIST_KEY_UIApplicationSupportsIndirectInputEvents = YES;
				INFOPLIST_KEY_UILaunchScreen_Generation = YES;
				INFOPLIST_KEY_UISupportedInterfaceOrientations = UIInterfaceOrientationPortrait;
				LD_RUNPATH_SEARCH_PATHS = (
					"$(inherited)",
					"@executable_path/Frameworks",
				);
				MARKETING_VERSION = 1.0;
				PRODUCT_BUNDLE_IDENTIFIER = com.thiencodev.RepositoryCollection;
				PRODUCT_NAME = "$(TARGET_NAME)";
				SUPPORTED_PLATFORMS = "iphoneos iphonesimulator";
				SUPPORTS_MACCATALYST = NO;
				SUPPORTS_MAC_DESIGNED_FOR_IPHONE_IPAD = NO;
				SWIFT_EMIT_LOC_STRINGS = YES;
				SWIFT_VERSION = 5.0;
				TARGETED_DEVICE_FAMILY = 1;
			};
			name = Debug;
		};
		A2BFB1812B0C8D6700AA6FE7 /* Release */ = {
			isa = XCBuildConfiguration;
			buildSettings = {
				ASSETCATALOG_COMPILER_APPICON_NAME = AppIcon;
				ASSETCATALOG_COMPILER_GLOBAL_ACCENT_COLOR_NAME = AccentColor;
				CODE_SIGN_STYLE = Automatic;
				CURRENT_PROJECT_VERSION = 1;
				DEVELOPMENT_ASSET_PATHS = "\"RepositoryCollection/Preview Content\"";
				DEVELOPMENT_TEAM = 95XVN448CF;
				ENABLE_PREVIEWS = YES;
				GENERATE_INFOPLIST_FILE = YES;
				INFOPLIST_FILE = RepositoryCollection/Info.plist;
				INFOPLIST_KEY_CFBundleDisplayName = "Git Look";
				INFOPLIST_KEY_UIApplicationSceneManifest_Generation = YES;
				INFOPLIST_KEY_UIApplicationSupportsIndirectInputEvents = YES;
				INFOPLIST_KEY_UILaunchScreen_Generation = YES;
				INFOPLIST_KEY_UISupportedInterfaceOrientations = UIInterfaceOrientationPortrait;
				LD_RUNPATH_SEARCH_PATHS = (
					"$(inherited)",
					"@executable_path/Frameworks",
				);
				MARKETING_VERSION = 1.0;
				PRODUCT_BUNDLE_IDENTIFIER = com.thiencodev.RepositoryCollection;
				PRODUCT_NAME = "$(TARGET_NAME)";
				SUPPORTED_PLATFORMS = "iphoneos iphonesimulator";
				SUPPORTS_MACCATALYST = NO;
				SUPPORTS_MAC_DESIGNED_FOR_IPHONE_IPAD = NO;
				SWIFT_EMIT_LOC_STRINGS = YES;
				SWIFT_VERSION = 5.0;
				TARGETED_DEVICE_FAMILY = 1;
			};
			name = Release;
		};
/* End XCBuildConfiguration section */

/* Begin XCConfigurationList section */
		A2BFB16C2B0C8D6400AA6FE7 /* Build configuration list for PBXProject "RepositoryCollection" */ = {
			isa = XCConfigurationList;
			buildConfigurations = (
				A2BFB17D2B0C8D6700AA6FE7 /* Debug */,
				A2BFB17E2B0C8D6700AA6FE7 /* Release */,
			);
			defaultConfigurationIsVisible = 0;
			defaultConfigurationName = Release;
		};
		A2BFB17F2B0C8D6700AA6FE7 /* Build configuration list for PBXNativeTarget "RepositoryCollection" */ = {
			isa = XCConfigurationList;
			buildConfigurations = (
				A2BFB1802B0C8D6700AA6FE7 /* Debug */,
				A2BFB1812B0C8D6700AA6FE7 /* Release */,
			);
			defaultConfigurationIsVisible = 0;
			defaultConfigurationName = Release;
		};
/* End XCConfigurationList section */

/* Begin XCRemoteSwiftPackageReference section */
		8BB11EEF2C3A65FF00BEEAE1 /* XCRemoteSwiftPackageReference "lottie-ios" */ = {
			isa = XCRemoteSwiftPackageReference;
			repositoryURL = "https://github.com/airbnb/lottie-ios";
			requirement = {
				kind = upToNextMajorVersion;
				minimumVersion = 4.4.3;
			};
		};
		8BD2D7682B0D28A100CCF197 /* XCRemoteSwiftPackageReference "Alamofire" */ = {
			isa = XCRemoteSwiftPackageReference;
			repositoryURL = "https://github.com/Alamofire/Alamofire";
			requirement = {
				kind = upToNextMajorVersion;
				minimumVersion = 5.8.1;
			};
		};
		8BF580872C15EB6F00AB77AF /* XCRemoteSwiftPackageReference "Kingfisher" */ = {
			isa = XCRemoteSwiftPackageReference;
			repositoryURL = "https://github.com/onevcat/Kingfisher";
			requirement = {
				kind = upToNextMajorVersion;
				minimumVersion = 7.11.0;
			};
		};
/* End XCRemoteSwiftPackageReference section */

/* Begin XCSwiftPackageProductDependency section */
		8BB11EF02C3A65FF00BEEAE1 /* Lottie */ = {
			isa = XCSwiftPackageProductDependency;
			package = 8BB11EEF2C3A65FF00BEEAE1 /* XCRemoteSwiftPackageReference "lottie-ios" */;
			productName = Lottie;
		};
		8BD2D7692B0D28A100CCF197 /* Alamofire */ = {
			isa = XCSwiftPackageProductDependency;
			package = 8BD2D7682B0D28A100CCF197 /* XCRemoteSwiftPackageReference "Alamofire" */;
			productName = Alamofire;
		};
		8BF580882C15EB6F00AB77AF /* Kingfisher */ = {
			isa = XCSwiftPackageProductDependency;
			package = 8BF580872C15EB6F00AB77AF /* XCRemoteSwiftPackageReference "Kingfisher" */;
			productName = Kingfisher;
		};
/* End XCSwiftPackageProductDependency section */

/* Begin XCVersionGroup section */
		8B901C4D2B0F817300C05DFF /* RepositoryCollectionStorage.xcdatamodeld */ = {
			isa = XCVersionGroup;
			children = (
				8B901C4E2B0F817300C05DFF /* RepositoryCollectionStorage.xcdatamodel */,
			);
			currentVersion = 8B901C4E2B0F817300C05DFF /* RepositoryCollectionStorage.xcdatamodel */;
			path = RepositoryCollectionStorage.xcdatamodeld;
			sourceTree = "<group>";
			versionGroupType = wrapper.xcdatamodel;
		};
/* End XCVersionGroup section */
	};
	rootObject = A2BFB1692B0C8D6400AA6FE7 /* Project object */;
}
