// !$*UTF8*$!
{
	archiveVersion = 1;
	classes = {
	};
	objectVersion = 56;
	objects = {

/* Begin PBXBuildFile section */
		A2BFB1752B0C8D6400AA6FE7 /* RepositoryCollectionApp.swift in Sources */ = {isa = PBXBuildFile; fileRef = A2BFB1742B0C8D6400AA6FE7 /* RepositoryCollectionApp.swift */; };
		A2BFB1772B0C8D6400AA6FE7 /* ContentView.swift in Sources */ = {isa = PBXBuildFile; fileRef = A2BFB1762B0C8D6400AA6FE7 /* ContentView.swift */; };
		A2BFB1792B0C8D6700AA6FE7 /* Assets.xcassets in Resources */ = {isa = PBXBuildFile; fileRef = A2BFB1782B0C8D6700AA6FE7 /* Assets.xcassets */; };
		A2BFB17C2B0C8D6700AA6FE7 /* Preview Assets.xcassets in Resources */ = {isa = PBXBuildFile; fileRef = A2BFB17B2B0C8D6700AA6FE7 /* Preview Assets.xcassets */; };
		A2BFB18A2B0C904500AA6FE7 /* GithubRepoUseCases.swift in Sources */ = {isa = PBXBuildFile; fileRef = A2BFB1892B0C904500AA6FE7 /* GithubRepoUseCases.swift */; };
		A2BFB18C2B0C90B200AA6FE7 /* GithubRepoRepository.swift in Sources */ = {isa = PBXBuildFile; fileRef = A2BFB18B2B0C90B200AA6FE7 /* GithubRepoRepository.swift */; };
		A2BFB18E2B0C9C1000AA6FE7 /* GithubRepoModel.swift in Sources */ = {isa = PBXBuildFile; fileRef = A2BFB18D2B0C9C1000AA6FE7 /* GithubRepoModel.swift */; };
		A2BFB1942B0CA68700AA6FE7 /* RepositoriesView.swift in Sources */ = {isa = PBXBuildFile; fileRef = A2BFB1932B0CA68700AA6FE7 /* RepositoriesView.swift */; };
		A2BFB1962B0CA6B100AA6FE7 /* RepositoriesViewVM.swift in Sources */ = {isa = PBXBuildFile; fileRef = A2BFB1952B0CA6B100AA6FE7 /* RepositoriesViewVM.swift */; };
		A2BFB1992B0CA83400AA6FE7 /* OnboardingView.swift in Sources */ = {isa = PBXBuildFile; fileRef = A2BFB1982B0CA83400AA6FE7 /* OnboardingView.swift */; };
		A2BFB19C2B0CA96100AA6FE7 /* UIScreen.swift in Sources */ = {isa = PBXBuildFile; fileRef = A2BFB19B2B0CA96100AA6FE7 /* UIScreen.swift */; };
		A2BFB19F2B0CB4DB00AA6FE7 /* CustomTextField.swift in Sources */ = {isa = PBXBuildFile; fileRef = A2BFB19E2B0CB4DB00AA6FE7 /* CustomTextField.swift */; };
/* End PBXBuildFile section */

/* Begin PBXFileReference section */
		A2BFB1712B0C8D6400AA6FE7 /* RepositoryCollection.app */ = {isa = PBXFileReference; explicitFileType = wrapper.application; includeInIndex = 0; path = RepositoryCollection.app; sourceTree = BUILT_PRODUCTS_DIR; };
		A2BFB1742B0C8D6400AA6FE7 /* RepositoryCollectionApp.swift */ = {isa = PBXFileReference; lastKnownFileType = sourcecode.swift; path = RepositoryCollectionApp.swift; sourceTree = "<group>"; };
		A2BFB1762B0C8D6400AA6FE7 /* ContentView.swift */ = {isa = PBXFileReference; lastKnownFileType = sourcecode.swift; path = ContentView.swift; sourceTree = "<group>"; };
		A2BFB1782B0C8D6700AA6FE7 /* Assets.xcassets */ = {isa = PBXFileReference; lastKnownFileType = folder.assetcatalog; path = Assets.xcassets; sourceTree = "<group>"; };
		A2BFB17B2B0C8D6700AA6FE7 /* Preview Assets.xcassets */ = {isa = PBXFileReference; lastKnownFileType = folder.assetcatalog; path = "Preview Assets.xcassets"; sourceTree = "<group>"; };
		A2BFB1892B0C904500AA6FE7 /* GithubRepoUseCases.swift */ = {isa = PBXFileReference; lastKnownFileType = sourcecode.swift; path = GithubRepoUseCases.swift; sourceTree = "<group>"; };
		A2BFB18B2B0C90B200AA6FE7 /* GithubRepoRepository.swift */ = {isa = PBXFileReference; lastKnownFileType = sourcecode.swift; path = GithubRepoRepository.swift; sourceTree = "<group>"; };
		A2BFB18D2B0C9C1000AA6FE7 /* GithubRepoModel.swift */ = {isa = PBXFileReference; lastKnownFileType = sourcecode.swift; path = GithubRepoModel.swift; sourceTree = "<group>"; };
		A2BFB1932B0CA68700AA6FE7 /* RepositoriesView.swift */ = {isa = PBXFileReference; lastKnownFileType = sourcecode.swift; path = RepositoriesView.swift; sourceTree = "<group>"; };
		A2BFB1952B0CA6B100AA6FE7 /* RepositoriesViewVM.swift */ = {isa = PBXFileReference; lastKnownFileType = sourcecode.swift; path = RepositoriesViewVM.swift; sourceTree = "<group>"; };
		A2BFB1982B0CA83400AA6FE7 /* OnboardingView.swift */ = {isa = PBXFileReference; lastKnownFileType = sourcecode.swift; path = OnboardingView.swift; sourceTree = "<group>"; };
		A2BFB19B2B0CA96100AA6FE7 /* UIScreen.swift */ = {isa = PBXFileReference; lastKnownFileType = sourcecode.swift; path = UIScreen.swift; sourceTree = "<group>"; };
		A2BFB19E2B0CB4DB00AA6FE7 /* CustomTextField.swift */ = {isa = PBXFileReference; lastKnownFileType = sourcecode.swift; path = CustomTextField.swift; sourceTree = "<group>"; };
/* End PBXFileReference section */

/* Begin PBXFrameworksBuildPhase section */
		A2BFB16E2B0C8D6400AA6FE7 /* Frameworks */ = {
			isa = PBXFrameworksBuildPhase;
			buildActionMask = 2147483647;
			files = (
			);
			runOnlyForDeploymentPostprocessing = 0;
		};
/* End PBXFrameworksBuildPhase section */

/* Begin PBXGroup section */
		A2BFB1682B0C8D6400AA6FE7 = {
			isa = PBXGroup;
			children = (
				A2BFB1732B0C8D6400AA6FE7 /* RepositoryCollection */,
				A2BFB1722B0C8D6400AA6FE7 /* Products */,
			);
			sourceTree = "<group>";
		};
		A2BFB1722B0C8D6400AA6FE7 /* Products */ = {
			isa = PBXGroup;
			children = (
				A2BFB1712B0C8D6400AA6FE7 /* RepositoryCollection.app */,
			);
			name = Products;
			sourceTree = "<group>";
		};
		A2BFB1732B0C8D6400AA6FE7 /* RepositoryCollection */ = {
			isa = PBXGroup;
			children = (
				A2BFB1822B0C8DE800AA6FE7 /* Application */,
				A2BFB1842B0C8E0F00AA6FE7 /* Presentation */,
				A2BFB1832B0C8E0000AA6FE7 /* Domains */,
				A2BFB1852B0C8E2600AA6FE7 /* Data */,
				A2BFB18F2B0CA60900AA6FE7 /* Infrastructure */,
				A2BFB1782B0C8D6700AA6FE7 /* Assets.xcassets */,
				A2BFB17A2B0C8D6700AA6FE7 /* Preview Content */,
			);
			path = RepositoryCollection;
			sourceTree = "<group>";
		};
		A2BFB17A2B0C8D6700AA6FE7 /* Preview Content */ = {
			isa = PBXGroup;
			children = (
				A2BFB17B2B0C8D6700AA6FE7 /* Preview Assets.xcassets */,
			);
			path = "Preview Content";
			sourceTree = "<group>";
		};
		A2BFB1822B0C8DE800AA6FE7 /* Application */ = {
			isa = PBXGroup;
			children = (
				A2BFB1742B0C8D6400AA6FE7 /* RepositoryCollectionApp.swift */,
				A2BFB1762B0C8D6400AA6FE7 /* ContentView.swift */,
			);
			path = Application;
			sourceTree = "<group>";
		};
		A2BFB1832B0C8E0000AA6FE7 /* Domains */ = {
			isa = PBXGroup;
			children = (
				A2BFB1882B0C8E9200AA6FE7 /* Interfaces */,
				A2BFB1872B0C8E6900AA6FE7 /* Entities */,
				A2BFB1862B0C8E5D00AA6FE7 /* UseCases */,
			);
			path = Domains;
			sourceTree = "<group>";
		};
		A2BFB1842B0C8E0F00AA6FE7 /* Presentation */ = {
			isa = PBXGroup;
			children = (
				A2BFB19D2B0CB41000AA6FE7 /* Components */,
				A2BFB19A2B0CA94A00AA6FE7 /* Extensions */,
				A2BFB1912B0CA66100AA6FE7 /* Modules */,
			);
			path = Presentation;
			sourceTree = "<group>";
		};
		A2BFB1852B0C8E2600AA6FE7 /* Data */ = {
			isa = PBXGroup;
			children = (
				A2BFB1902B0CA61A00AA6FE7 /* Repositories */,
			);
			path = Data;
			sourceTree = "<group>";
		};
		A2BFB1862B0C8E5D00AA6FE7 /* UseCases */ = {
			isa = PBXGroup;
			children = (
				A2BFB1892B0C904500AA6FE7 /* GithubRepoUseCases.swift */,
			);
			path = UseCases;
			sourceTree = "<group>";
		};
		A2BFB1872B0C8E6900AA6FE7 /* Entities */ = {
			isa = PBXGroup;
			children = (
				A2BFB18D2B0C9C1000AA6FE7 /* GithubRepoModel.swift */,
			);
			path = Entities;
			sourceTree = "<group>";
		};
		A2BFB1882B0C8E9200AA6FE7 /* Interfaces */ = {
			isa = PBXGroup;
			children = (
				A2BFB18B2B0C90B200AA6FE7 /* GithubRepoRepository.swift */,
			);
			path = Interfaces;
			sourceTree = "<group>";
		};
		A2BFB18F2B0CA60900AA6FE7 /* Infrastructure */ = {
			isa = PBXGroup;
			children = (
			);
			path = Infrastructure;
			sourceTree = "<group>";
		};
		A2BFB1902B0CA61A00AA6FE7 /* Repositories */ = {
			isa = PBXGroup;
			children = (
			);
			path = Repositories;
			sourceTree = "<group>";
		};
		A2BFB1912B0CA66100AA6FE7 /* Modules */ = {
			isa = PBXGroup;
			children = (
				A2BFB1972B0CA7BD00AA6FE7 /* OnboardingView */,
				A2BFB1922B0CA66D00AA6FE7 /* RepositoriesView */,
			);
			path = Modules;
			sourceTree = "<group>";
		};
		A2BFB1922B0CA66D00AA6FE7 /* RepositoriesView */ = {
			isa = PBXGroup;
			children = (
				A2BFB1932B0CA68700AA6FE7 /* RepositoriesView.swift */,
				A2BFB1952B0CA6B100AA6FE7 /* RepositoriesViewVM.swift */,
			);
			path = RepositoriesView;
			sourceTree = "<group>";
		};
		A2BFB1972B0CA7BD00AA6FE7 /* OnboardingView */ = {
			isa = PBXGroup;
			children = (
				A2BFB1982B0CA83400AA6FE7 /* OnboardingView.swift */,
			);
			path = OnboardingView;
			sourceTree = "<group>";
		};
		A2BFB19A2B0CA94A00AA6FE7 /* Extensions */ = {
			isa = PBXGroup;
			children = (
				A2BFB19B2B0CA96100AA6FE7 /* UIScreen.swift */,
			);
			path = Extensions;
			sourceTree = "<group>";
		};
		A2BFB19D2B0CB41000AA6FE7 /* Components */ = {
			isa = PBXGroup;
			children = (
				A2BFB19E2B0CB4DB00AA6FE7 /* CustomTextField.swift */,
			);
			path = Components;
			sourceTree = "<group>";
		};
/* End PBXGroup section */

/* Begin PBXNativeTarget section */
		A2BFB1702B0C8D6400AA6FE7 /* RepositoryCollection */ = {
			isa = PBXNativeTarget;
			buildConfigurationList = A2BFB17F2B0C8D6700AA6FE7 /* Build configuration list for PBXNativeTarget "RepositoryCollection" */;
			buildPhases = (
				A2BFB16D2B0C8D6400AA6FE7 /* Sources */,
				A2BFB16E2B0C8D6400AA6FE7 /* Frameworks */,
				A2BFB16F2B0C8D6400AA6FE7 /* Resources */,
			);
			buildRules = (
			);
			dependencies = (
			);
			name = RepositoryCollection;
			productName = RepositoryCollection;
			productReference = A2BFB1712B0C8D6400AA6FE7 /* RepositoryCollection.app */;
			productType = "com.apple.product-type.application";
		};
/* End PBXNativeTarget section */

/* Begin PBXProject section */
		A2BFB1692B0C8D6400AA6FE7 /* Project object */ = {
			isa = PBXProject;
			attributes = {
				BuildIndependentTargetsInParallel = 1;
				LastSwiftUpdateCheck = 1500;
				LastUpgradeCheck = 1500;
				TargetAttributes = {
					A2BFB1702B0C8D6400AA6FE7 = {
						CreatedOnToolsVersion = 15.0;
					};
				};
			};
			buildConfigurationList = A2BFB16C2B0C8D6400AA6FE7 /* Build configuration list for PBXProject "RepositoryCollection" */;
			compatibilityVersion = "Xcode 14.0";
			developmentRegion = en;
			hasScannedForEncodings = 0;
			knownRegions = (
				en,
				Base,
			);
			mainGroup = A2BFB1682B0C8D6400AA6FE7;
			productRefGroup = A2BFB1722B0C8D6400AA6FE7 /* Products */;
			projectDirPath = "";
			projectRoot = "";
			targets = (
				A2BFB1702B0C8D6400AA6FE7 /* RepositoryCollection */,
			);
		};
/* End PBXProject section */

/* Begin PBXResourcesBuildPhase section */
		A2BFB16F2B0C8D6400AA6FE7 /* Resources */ = {
			isa = PBXResourcesBuildPhase;
			buildActionMask = 2147483647;
			files = (
				A2BFB17C2B0C8D6700AA6FE7 /* Preview Assets.xcassets in Resources */,
				A2BFB1792B0C8D6700AA6FE7 /* Assets.xcassets in Resources */,
			);
			runOnlyForDeploymentPostprocessing = 0;
		};
/* End PBXResourcesBuildPhase section */

/* Begin PBXSourcesBuildPhase section */
		A2BFB16D2B0C8D6400AA6FE7 /* Sources */ = {
			isa = PBXSourcesBuildPhase;
			buildActionMask = 2147483647;
			files = (
				A2BFB1942B0CA68700AA6FE7 /* RepositoriesView.swift in Sources */,
				A2BFB1772B0C8D6400AA6FE7 /* ContentView.swift in Sources */,
				A2BFB1752B0C8D6400AA6FE7 /* RepositoryCollectionApp.swift in Sources */,
				A2BFB18C2B0C90B200AA6FE7 /* GithubRepoRepository.swift in Sources */,
				A2BFB19F2B0CB4DB00AA6FE7 /* CustomTextField.swift in Sources */,
				A2BFB19C2B0CA96100AA6FE7 /* UIScreen.swift in Sources */,
				A2BFB1962B0CA6B100AA6FE7 /* RepositoriesViewVM.swift in Sources */,
				A2BFB1992B0CA83400AA6FE7 /* OnboardingView.swift in Sources */,
				A2BFB18A2B0C904500AA6FE7 /* GithubRepoUseCases.swift in Sources */,
				A2BFB18E2B0C9C1000AA6FE7 /* GithubRepoModel.swift in Sources */,
			);
			runOnlyForDeploymentPostprocessing = 0;
		};
/* End PBXSourcesBuildPhase section */

/* Begin XCBuildConfiguration section */
		A2BFB17D2B0C8D6700AA6FE7 /* Debug */ = {
			isa = XCBuildConfiguration;
			buildSettings = {
				ALWAYS_SEARCH_USER_PATHS = NO;
				ASSETCATALOG_COMPILER_GENERATE_SWIFT_ASSET_SYMBOL_EXTENSIONS = YES;
				CLANG_ANALYZER_NONNULL = YES;
				CLANG_ANALYZER_NUMBER_OBJECT_CONVERSION = YES_AGGRESSIVE;
				CLANG_CXX_LANGUAGE_STANDARD = "gnu++20";
				CLANG_ENABLE_MODULES = YES;
				CLANG_ENABLE_OBJC_ARC = YES;
				CLANG_ENABLE_OBJC_WEAK = YES;
				CLANG_WARN_BLOCK_CAPTURE_AUTORELEASING = YES;
				CLANG_WARN_BOOL_CONVERSION = YES;
				CLANG_WARN_COMMA = YES;
				CLANG_WARN_CONSTANT_CONVERSION = YES;
				CLANG_WARN_DEPRECATED_OBJC_IMPLEMENTATIONS = YES;
				CLANG_WARN_DIRECT_OBJC_ISA_USAGE = YES_ERROR;
				CLANG_WARN_DOCUMENTATION_COMMENTS = YES;
				CLANG_WARN_EMPTY_BODY = YES;
				CLANG_WARN_ENUM_CONVERSION = YES;
				CLANG_WARN_INFINITE_RECURSION = YES;
				CLANG_WARN_INT_CONVERSION = YES;
				CLANG_WARN_NON_LITERAL_NULL_CONVERSION = YES;
				CLANG_WARN_OBJC_IMPLICIT_RETAIN_SELF = YES;
				CLANG_WARN_OBJC_LITERAL_CONVERSION = YES;
				CLANG_WARN_OBJC_ROOT_CLASS = YES_ERROR;
				CLANG_WARN_QUOTED_INCLUDE_IN_FRAMEWORK_HEADER = YES;
				CLANG_WARN_RANGE_LOOP_ANALYSIS = YES;
				CLANG_WARN_STRICT_PROTOTYPES = YES;
				CLANG_WARN_SUSPICIOUS_MOVE = YES;
				CLANG_WARN_UNGUARDED_AVAILABILITY = YES_AGGRESSIVE;
				CLANG_WARN_UNREACHABLE_CODE = YES;
				CLANG_WARN__DUPLICATE_METHOD_MATCH = YES;
				COPY_PHASE_STRIP = NO;
				DEBUG_INFORMATION_FORMAT = dwarf;
				ENABLE_STRICT_OBJC_MSGSEND = YES;
				ENABLE_TESTABILITY = YES;
				ENABLE_USER_SCRIPT_SANDBOXING = YES;
				GCC_C_LANGUAGE_STANDARD = gnu17;
				GCC_DYNAMIC_NO_PIC = NO;
				GCC_NO_COMMON_BLOCKS = YES;
				GCC_OPTIMIZATION_LEVEL = 0;
				GCC_PREPROCESSOR_DEFINITIONS = (
					"DEBUG=1",
					"$(inherited)",
				);
				GCC_WARN_64_TO_32_BIT_CONVERSION = YES;
				GCC_WARN_ABOUT_RETURN_TYPE = YES_ERROR;
				GCC_WARN_UNDECLARED_SELECTOR = YES;
				GCC_WARN_UNINITIALIZED_AUTOS = YES_AGGRESSIVE;
				GCC_WARN_UNUSED_FUNCTION = YES;
				GCC_WARN_UNUSED_VARIABLE = YES;
				IPHONEOS_DEPLOYMENT_TARGET = 17.0;
				LOCALIZATION_PREFERS_STRING_CATALOGS = YES;
				MTL_ENABLE_DEBUG_INFO = INCLUDE_SOURCE;
				MTL_FAST_MATH = YES;
				ONLY_ACTIVE_ARCH = YES;
				SDKROOT = iphoneos;
				SWIFT_ACTIVE_COMPILATION_CONDITIONS = "DEBUG $(inherited)";
				SWIFT_OPTIMIZATION_LEVEL = "-Onone";
			};
			name = Debug;
		};
		A2BFB17E2B0C8D6700AA6FE7 /* Release */ = {
			isa = XCBuildConfiguration;
			buildSettings = {
				ALWAYS_SEARCH_USER_PATHS = NO;
				ASSETCATALOG_COMPILER_GENERATE_SWIFT_ASSET_SYMBOL_EXTENSIONS = YES;
				CLANG_ANALYZER_NONNULL = YES;
				CLANG_ANALYZER_NUMBER_OBJECT_CONVERSION = YES_AGGRESSIVE;
				CLANG_CXX_LANGUAGE_STANDARD = "gnu++20";
				CLANG_ENABLE_MODULES = YES;
				CLANG_ENABLE_OBJC_ARC = YES;
				CLANG_ENABLE_OBJC_WEAK = YES;
				CLANG_WARN_BLOCK_CAPTURE_AUTORELEASING = YES;
				CLANG_WARN_BOOL_CONVERSION = YES;
				CLANG_WARN_COMMA = YES;
				CLANG_WARN_CONSTANT_CONVERSION = YES;
				CLANG_WARN_DEPRECATED_OBJC_IMPLEMENTATIONS = YES;
				CLANG_WARN_DIRECT_OBJC_ISA_USAGE = YES_ERROR;
				CLANG_WARN_DOCUMENTATION_COMMENTS = YES;
				CLANG_WARN_EMPTY_BODY = YES;
				CLANG_WARN_ENUM_CONVERSION = YES;
				CLANG_WARN_INFINITE_RECURSION = YES;
				CLANG_WARN_INT_CONVERSION = YES;
				CLANG_WARN_NON_LITERAL_NULL_CONVERSION = YES;
				CLANG_WARN_OBJC_IMPLICIT_RETAIN_SELF = YES;
				CLANG_WARN_OBJC_LITERAL_CONVERSION = YES;
				CLANG_WARN_OBJC_ROOT_CLASS = YES_ERROR;
				CLANG_WARN_QUOTED_INCLUDE_IN_FRAMEWORK_HEADER = YES;
				CLANG_WARN_RANGE_LOOP_ANALYSIS = YES;
				CLANG_WARN_STRICT_PROTOTYPES = YES;
				CLANG_WARN_SUSPICIOUS_MOVE = YES;
				CLANG_WARN_UNGUARDED_AVAILABILITY = YES_AGGRESSIVE;
				CLANG_WARN_UNREACHABLE_CODE = YES;
				CLANG_WARN__DUPLICATE_METHOD_MATCH = YES;
				COPY_PHASE_STRIP = NO;
				DEBUG_INFORMATION_FORMAT = "dwarf-with-dsym";
				ENABLE_NS_ASSERTIONS = NO;
				ENABLE_STRICT_OBJC_MSGSEND = YES;
				ENABLE_USER_SCRIPT_SANDBOXING = YES;
				GCC_C_LANGUAGE_STANDARD = gnu17;
				GCC_NO_COMMON_BLOCKS = YES;
				GCC_WARN_64_TO_32_BIT_CONVERSION = YES;
				GCC_WARN_ABOUT_RETURN_TYPE = YES_ERROR;
				GCC_WARN_UNDECLARED_SELECTOR = YES;
				GCC_WARN_UNINITIALIZED_AUTOS = YES_AGGRESSIVE;
				GCC_WARN_UNUSED_FUNCTION = YES;
				GCC_WARN_UNUSED_VARIABLE = YES;
				IPHONEOS_DEPLOYMENT_TARGET = 17.0;
				LOCALIZATION_PREFERS_STRING_CATALOGS = YES;
				MTL_ENABLE_DEBUG_INFO = NO;
				MTL_FAST_MATH = YES;
				SDKROOT = iphoneos;
				SWIFT_COMPILATION_MODE = wholemodule;
				VALIDATE_PRODUCT = YES;
			};
			name = Release;
		};
		A2BFB1802B0C8D6700AA6FE7 /* Debug */ = {
			isa = XCBuildConfiguration;
			buildSettings = {
				ASSETCATALOG_COMPILER_APPICON_NAME = AppIcon;
				ASSETCATALOG_COMPILER_GLOBAL_ACCENT_COLOR_NAME = AccentColor;
				CODE_SIGN_STYLE = Automatic;
				CURRENT_PROJECT_VERSION = 1;
				DEVELOPMENT_ASSET_PATHS = "\"RepositoryCollection/Preview Content\"";
				DEVELOPMENT_TEAM = 95XVN448CF;
				ENABLE_PREVIEWS = YES;
				GENERATE_INFOPLIST_FILE = YES;
				INFOPLIST_KEY_UIApplicationSceneManifest_Generation = YES;
				INFOPLIST_KEY_UIApplicationSupportsIndirectInputEvents = YES;
				INFOPLIST_KEY_UILaunchScreen_Generation = YES;
				INFOPLIST_KEY_UISupportedInterfaceOrientations_iPad = "UIInterfaceOrientationPortrait UIInterfaceOrientationPortraitUpsideDown UIInterfaceOrientationLandscapeLeft UIInterfaceOrientationLandscapeRight";
				INFOPLIST_KEY_UISupportedInterfaceOrientations_iPhone = "UIInterfaceOrientationPortrait UIInterfaceOrientationLandscapeLeft UIInterfaceOrientationLandscapeRight";
				LD_RUNPATH_SEARCH_PATHS = (
					"$(inherited)",
					"@executable_path/Frameworks",
				);
				MARKETING_VERSION = 1.0;
				PRODUCT_BUNDLE_IDENTIFIER = com.thiencodev.RepositoryCollection;
				PRODUCT_NAME = "$(TARGET_NAME)";
				SWIFT_EMIT_LOC_STRINGS = YES;
				SWIFT_VERSION = 5.0;
				TARGETED_DEVICE_FAMILY = "1,2";
			};
			name = Debug;
		};
		A2BFB1812B0C8D6700AA6FE7 /* Release */ = {
			isa = XCBuildConfiguration;
			buildSettings = {
				ASSETCATALOG_COMPILER_APPICON_NAME = AppIcon;
				ASSETCATALOG_COMPILER_GLOBAL_ACCENT_COLOR_NAME = AccentColor;
				CODE_SIGN_STYLE = Automatic;
				CURRENT_PROJECT_VERSION = 1;
				DEVELOPMENT_ASSET_PATHS = "\"RepositoryCollection/Preview Content\"";
				DEVELOPMENT_TEAM = 95XVN448CF;
				ENABLE_PREVIEWS = YES;
				GENERATE_INFOPLIST_FILE = YES;
				INFOPLIST_KEY_UIApplicationSceneManifest_Generation = YES;
				INFOPLIST_KEY_UIApplicationSupportsIndirectInputEvents = YES;
				INFOPLIST_KEY_UILaunchScreen_Generation = YES;
				INFOPLIST_KEY_UISupportedInterfaceOrientations_iPad = "UIInterfaceOrientationPortrait UIInterfaceOrientationPortraitUpsideDown UIInterfaceOrientationLandscapeLeft UIInterfaceOrientationLandscapeRight";
				INFOPLIST_KEY_UISupportedInterfaceOrientations_iPhone = "UIInterfaceOrientationPortrait UIInterfaceOrientationLandscapeLeft UIInterfaceOrientationLandscapeRight";
				LD_RUNPATH_SEARCH_PATHS = (
					"$(inherited)",
					"@executable_path/Frameworks",
				);
				MARKETING_VERSION = 1.0;
				PRODUCT_BUNDLE_IDENTIFIER = com.thiencodev.RepositoryCollection;
				PRODUCT_NAME = "$(TARGET_NAME)";
				SWIFT_EMIT_LOC_STRINGS = YES;
				SWIFT_VERSION = 5.0;
				TARGETED_DEVICE_FAMILY = "1,2";
			};
			name = Release;
		};
/* End XCBuildConfiguration section */

/* Begin XCConfigurationList section */
		A2BFB16C2B0C8D6400AA6FE7 /* Build configuration list for PBXProject "RepositoryCollection" */ = {
			isa = XCConfigurationList;
			buildConfigurations = (
				A2BFB17D2B0C8D6700AA6FE7 /* Debug */,
				A2BFB17E2B0C8D6700AA6FE7 /* Release */,
			);
			defaultConfigurationIsVisible = 0;
			defaultConfigurationName = Release;
		};
		A2BFB17F2B0C8D6700AA6FE7 /* Build configuration list for PBXNativeTarget "RepositoryCollection" */ = {
			isa = XCConfigurationList;
			buildConfigurations = (
				A2BFB1802B0C8D6700AA6FE7 /* Debug */,
				A2BFB1812B0C8D6700AA6FE7 /* Release */,
			);
			defaultConfigurationIsVisible = 0;
			defaultConfigurationName = Release;
		};
/* End XCConfigurationList section */
	};
	rootObject = A2BFB1692B0C8D6400AA6FE7 /* Project object */;
}
